// !$*UTF8*$!
{
	archiveVersion = 1;
	classes = {
	};
	objectVersion = 52;
	objects = {

/* Begin PBXBuildFile section */
		47082777290C9E500092246E /* JGProgressHUD in Frameworks */ = {isa = PBXBuildFile; productRef = 47082776290C9E500092246E /* JGProgressHUD */; };
		4715215025F3A8E600FE585C /* SettingTableVCDate.swift in Sources */ = {isa = PBXBuildFile; fileRef = 4715214F25F3A8E600FE585C /* SettingTableVCDate.swift */; };
		4729DC40263DA3AB00CA8B66 /* VCGraph.swift in Sources */ = {isa = PBXBuildFile; fileRef = 4729DC3F263DA3AB00CA8B66 /* VCGraph.swift */; };
		472F288725A7319500CE1481 /* AppDelegate.swift in Sources */ = {isa = PBXBuildFile; fileRef = 472F288625A7319500CE1481 /* AppDelegate.swift */; };
		472F288925A7319500CE1481 /* SceneDelegate.swift in Sources */ = {isa = PBXBuildFile; fileRef = 472F288825A7319500CE1481 /* SceneDelegate.swift */; };
		472F288B25A7319500CE1481 /* VCMain.swift in Sources */ = {isa = PBXBuildFile; fileRef = 472F288A25A7319500CE1481 /* VCMain.swift */; };
		472F288E25A7319500CE1481 /* Main.storyboard in Resources */ = {isa = PBXBuildFile; fileRef = 472F288C25A7319500CE1481 /* Main.storyboard */; };
		472F289025A7319500CE1481 /* Assets.xcassets in Resources */ = {isa = PBXBuildFile; fileRef = 472F288F25A7319500CE1481 /* Assets.xcassets */; };
		472F289325A7319500CE1481 /* LaunchScreen.storyboard in Resources */ = {isa = PBXBuildFile; fileRef = 472F289125A7319500CE1481 /* LaunchScreen.storyboard */; };
		472F289E25A7319600CE1481 /* MoneyManagerTests.swift in Sources */ = {isa = PBXBuildFile; fileRef = 472F289D25A7319600CE1481 /* MoneyManagerTests.swift */; };
		472F28A925A7319600CE1481 /* MoneyManagerUITests.swift in Sources */ = {isa = PBXBuildFile; fileRef = 472F28A825A7319600CE1481 /* MoneyManagerUITests.swift */; };
		473549BB2819636200E87139 /* MainViewModel.swift in Sources */ = {isa = PBXBuildFile; fileRef = 473549BA2819636200E87139 /* MainViewModel.swift */; };
		473549BD2819CFD600E87139 /* MainVM+TableExtension.swift in Sources */ = {isa = PBXBuildFile; fileRef = 473549BC2819CFD600E87139 /* MainVM+TableExtension.swift */; };
		473549C1281A89E200E87139 /* SettingViewModel.swift in Sources */ = {isa = PBXBuildFile; fileRef = 473549C0281A89E200E87139 /* SettingViewModel.swift */; };
		473549C3281B2BA500E87139 /* SettingVM+TableExtension.swift in Sources */ = {isa = PBXBuildFile; fileRef = 473549C2281B2BA500E87139 /* SettingVM+TableExtension.swift */; };
		47431E5F290B4C8B00818E6E /* Firebase.swift in Sources */ = {isa = PBXBuildFile; fileRef = 47431E5E290B4C8B00818E6E /* Firebase.swift */; };
		47431E60290B4C8B00818E6E /* Firebase.swift in Sources */ = {isa = PBXBuildFile; fileRef = 47431E5E290B4C8B00818E6E /* Firebase.swift */; };
		47431E61290B4C8B00818E6E /* Firebase.swift in Sources */ = {isa = PBXBuildFile; fileRef = 47431E5E290B4C8B00818E6E /* Firebase.swift */; };
		4750EFE725BC2C5C00167A92 /* CategoryTableVCHeader.swift in Sources */ = {isa = PBXBuildFile; fileRef = 4750EFE625BC2C5C00167A92 /* CategoryTableVCHeader.swift */; };
		4750EFEC25BC2C7F00167A92 /* CategoryTableVCCategory.swift in Sources */ = {isa = PBXBuildFile; fileRef = 4750EFEB25BC2C7F00167A92 /* CategoryTableVCCategory.swift */; };
		475342D7290C37EC006BE673 /* swiftlint.yml in Resources */ = {isa = PBXBuildFile; fileRef = 475342D6290C37EC006BE673 /* swiftlint.yml */; };
		475342D8290C37EC006BE673 /* swiftlint.yml in Resources */ = {isa = PBXBuildFile; fileRef = 475342D6290C37EC006BE673 /* swiftlint.yml */; };
		475342D9290C37EC006BE673 /* swiftlint.yml in Resources */ = {isa = PBXBuildFile; fileRef = 475342D6290C37EC006BE673 /* swiftlint.yml */; };
		47621F9825B644BF0095A52F /* SettingTableVCNote.swift in Sources */ = {isa = PBXBuildFile; fileRef = 47621F9725B644BF0095A52F /* SettingTableVCNote.swift */; };
		4771587C262AB31E00F27D4B /* VCOperation.swift in Sources */ = {isa = PBXBuildFile; fileRef = 4771587B262AB31E00F27D4B /* VCOperation.swift */; };
		477CC22A290ABB1F00EA671D /* AAInfographics in Frameworks */ = {isa = PBXBuildFile; productRef = 477CC229290ABB1F00EA671D /* AAInfographics */; };
		479990A12901892800ECD407 /* FirebaseAuth in Frameworks */ = {isa = PBXBuildFile; productRef = 479990A02901892800ECD407 /* FirebaseAuth */; };
		479990A32901892800ECD407 /* FirebaseAuthCombine-Community in Frameworks */ = {isa = PBXBuildFile; productRef = 479990A22901892800ECD407 /* FirebaseAuthCombine-Community */; };
		479990A52901892800ECD407 /* FirebaseFirestore in Frameworks */ = {isa = PBXBuildFile; productRef = 479990A42901892800ECD407 /* FirebaseFirestore */; };
		479990A72901892800ECD407 /* FirebaseFirestoreCombine-Community in Frameworks */ = {isa = PBXBuildFile; productRef = 479990A62901892800ECD407 /* FirebaseFirestoreCombine-Community */; };
		479990A92901892800ECD407 /* FirebaseFirestoreSwift in Frameworks */ = {isa = PBXBuildFile; productRef = 479990A82901892800ECD407 /* FirebaseFirestoreSwift */; };
		47AC1A9525C09AC9006E7817 /* Model.swift in Sources */ = {isa = PBXBuildFile; fileRef = 47AC1A9425C09AC9006E7817 /* Model.swift */; };
		47AC1AB625C0B7CB006E7817 /* MainTableVCOperation.swift in Sources */ = {isa = PBXBuildFile; fileRef = 47AC1AB525C0B7CB006E7817 /* MainTableVCOperation.swift */; };
		47B3D92928FC922B0022974A /* GoogleService-Info.plist in Resources */ = {isa = PBXBuildFile; fileRef = 47B3D92828FC922B0022974A /* GoogleService-Info.plist */; };
		47B3D92A28FC922B0022974A /* GoogleService-Info.plist in Resources */ = {isa = PBXBuildFile; fileRef = 47B3D92828FC922B0022974A /* GoogleService-Info.plist */; };
		47B3D92B28FC922B0022974A /* GoogleService-Info.plist in Resources */ = {isa = PBXBuildFile; fileRef = 47B3D92828FC922B0022974A /* GoogleService-Info.plist */; };
		47B80F782667CA9500032678 /* RoundedGraphView.swift in Sources */ = {isa = PBXBuildFile; fileRef = 47B80F772667CA9500032678 /* RoundedGraphView.swift */; };
		47BEBB43262F91D1006FF254 /* CategoryTableVCNewCategory.swift in Sources */ = {isa = PBXBuildFile; fileRef = 47BEBB42262F91D1006FF254 /* CategoryTableVCNewCategory.swift */; };
		47C4FF3525B38B0F00F97498 /* VCSetting.swift in Sources */ = {isa = PBXBuildFile; fileRef = 47C4FF3425B38B0F00F97498 /* VCSetting.swift */; };
		47CB73C325B4364700638185 /* SettingTableVCCategory.swift in Sources */ = {isa = PBXBuildFile; fileRef = 47CB73C225B4364700638185 /* SettingTableVCCategory.swift */; };
		47E87752290807B100B99C09 /* CategoryViewModel.swift in Sources */ = {isa = PBXBuildFile; fileRef = 47E87751290807B100B99C09 /* CategoryViewModel.swift */; };
		47E87753290807B100B99C09 /* CategoryViewModel.swift in Sources */ = {isa = PBXBuildFile; fileRef = 47E87751290807B100B99C09 /* CategoryViewModel.swift */; };
		47E87754290807B100B99C09 /* CategoryViewModel.swift in Sources */ = {isa = PBXBuildFile; fileRef = 47E87751290807B100B99C09 /* CategoryViewModel.swift */; };
		47F1759925BA2D320044BD30 /* VCCategory.swift in Sources */ = {isa = PBXBuildFile; fileRef = 47F1759825BA2D320044BD30 /* VCCategory.swift */; };
		47F5F9D72855D99B0042F2D5 /* SimpleCheckbox in Frameworks */ = {isa = PBXBuildFile; productRef = 47F5F9D62855D99B0042F2D5 /* SimpleCheckbox */; };
/* End PBXBuildFile section */

/* Begin PBXContainerItemProxy section */
		472F289A25A7319600CE1481 /* PBXContainerItemProxy */ = {
			isa = PBXContainerItemProxy;
			containerPortal = 472F287B25A7319500CE1481 /* Project object */;
			proxyType = 1;
			remoteGlobalIDString = 472F288225A7319500CE1481;
			remoteInfo = Skillbox_diploma_step1;
		};
		472F28A525A7319600CE1481 /* PBXContainerItemProxy */ = {
			isa = PBXContainerItemProxy;
			containerPortal = 472F287B25A7319500CE1481 /* Project object */;
			proxyType = 1;
			remoteGlobalIDString = 472F288225A7319500CE1481;
			remoteInfo = Skillbox_diploma_step1;
		};
/* End PBXContainerItemProxy section */

/* Begin PBXFileReference section */
		4715214F25F3A8E600FE585C /* SettingTableVCDate.swift */ = {isa = PBXFileReference; lastKnownFileType = sourcecode.swift; path = SettingTableVCDate.swift; sourceTree = "<group>"; };
		4729DC3F263DA3AB00CA8B66 /* VCGraph.swift */ = {isa = PBXFileReference; lastKnownFileType = sourcecode.swift; path = VCGraph.swift; sourceTree = "<group>"; };
		472F288325A7319500CE1481 /* MoneyManager.app */ = {isa = PBXFileReference; explicitFileType = wrapper.application; includeInIndex = 0; path = MoneyManager.app; sourceTree = BUILT_PRODUCTS_DIR; };
		472F288625A7319500CE1481 /* AppDelegate.swift */ = {isa = PBXFileReference; lastKnownFileType = sourcecode.swift; path = AppDelegate.swift; sourceTree = "<group>"; };
		472F288825A7319500CE1481 /* SceneDelegate.swift */ = {isa = PBXFileReference; lastKnownFileType = sourcecode.swift; path = SceneDelegate.swift; sourceTree = "<group>"; };
		472F288A25A7319500CE1481 /* VCMain.swift */ = {isa = PBXFileReference; lastKnownFileType = sourcecode.swift; path = VCMain.swift; sourceTree = "<group>"; };
		472F288D25A7319500CE1481 /* Base */ = {isa = PBXFileReference; lastKnownFileType = file.storyboard; name = Base; path = Base.lproj/Main.storyboard; sourceTree = "<group>"; };
		472F288F25A7319500CE1481 /* Assets.xcassets */ = {isa = PBXFileReference; lastKnownFileType = folder.assetcatalog; path = Assets.xcassets; sourceTree = "<group>"; };
		472F289225A7319500CE1481 /* Base */ = {isa = PBXFileReference; lastKnownFileType = file.storyboard; name = Base; path = Base.lproj/LaunchScreen.storyboard; sourceTree = "<group>"; };
		472F289425A7319500CE1481 /* Info.plist */ = {isa = PBXFileReference; lastKnownFileType = text.plist.xml; path = Info.plist; sourceTree = "<group>"; };
		472F289925A7319600CE1481 /* MoneyManagerTests.xctest */ = {isa = PBXFileReference; explicitFileType = wrapper.cfbundle; includeInIndex = 0; path = MoneyManagerTests.xctest; sourceTree = BUILT_PRODUCTS_DIR; };
		472F289D25A7319600CE1481 /* MoneyManagerTests.swift */ = {isa = PBXFileReference; lastKnownFileType = sourcecode.swift; path = MoneyManagerTests.swift; sourceTree = "<group>"; };
		472F289F25A7319600CE1481 /* Info.plist */ = {isa = PBXFileReference; lastKnownFileType = text.plist.xml; path = Info.plist; sourceTree = "<group>"; };
		472F28A425A7319600CE1481 /* MoneyManagerUITests.xctest */ = {isa = PBXFileReference; explicitFileType = wrapper.cfbundle; includeInIndex = 0; path = MoneyManagerUITests.xctest; sourceTree = BUILT_PRODUCTS_DIR; };
		472F28A825A7319600CE1481 /* MoneyManagerUITests.swift */ = {isa = PBXFileReference; lastKnownFileType = sourcecode.swift; path = MoneyManagerUITests.swift; sourceTree = "<group>"; };
		472F28AA25A7319600CE1481 /* Info.plist */ = {isa = PBXFileReference; lastKnownFileType = text.plist.xml; path = Info.plist; sourceTree = "<group>"; };
		473549BA2819636200E87139 /* MainViewModel.swift */ = {isa = PBXFileReference; lastKnownFileType = sourcecode.swift; path = MainViewModel.swift; sourceTree = "<group>"; };
		473549BC2819CFD600E87139 /* MainVM+TableExtension.swift */ = {isa = PBXFileReference; lastKnownFileType = sourcecode.swift; path = "MainVM+TableExtension.swift"; sourceTree = "<group>"; };
		473549C0281A89E200E87139 /* SettingViewModel.swift */ = {isa = PBXFileReference; lastKnownFileType = sourcecode.swift; path = SettingViewModel.swift; sourceTree = "<group>"; };
		473549C2281B2BA500E87139 /* SettingVM+TableExtension.swift */ = {isa = PBXFileReference; lastKnownFileType = sourcecode.swift; path = "SettingVM+TableExtension.swift"; sourceTree = "<group>"; };
		47431E5E290B4C8B00818E6E /* Firebase.swift */ = {isa = PBXFileReference; lastKnownFileType = sourcecode.swift; path = Firebase.swift; sourceTree = "<group>"; };
		4750EFE625BC2C5C00167A92 /* CategoryTableVCHeader.swift */ = {isa = PBXFileReference; lastKnownFileType = sourcecode.swift; path = CategoryTableVCHeader.swift; sourceTree = "<group>"; };
		4750EFEB25BC2C7F00167A92 /* CategoryTableVCCategory.swift */ = {isa = PBXFileReference; lastKnownFileType = sourcecode.swift; path = CategoryTableVCCategory.swift; sourceTree = "<group>"; };
		475342D6290C37EC006BE673 /* swiftlint.yml */ = {isa = PBXFileReference; lastKnownFileType = text.yaml; path = swiftlint.yml; sourceTree = "<group>"; };
		47621F9725B644BF0095A52F /* SettingTableVCNote.swift */ = {isa = PBXFileReference; lastKnownFileType = sourcecode.swift; path = SettingTableVCNote.swift; sourceTree = "<group>"; };
		4771587B262AB31E00F27D4B /* VCOperation.swift */ = {isa = PBXFileReference; lastKnownFileType = sourcecode.swift; path = VCOperation.swift; sourceTree = "<group>"; };
		47AC1A9425C09AC9006E7817 /* Model.swift */ = {isa = PBXFileReference; lastKnownFileType = sourcecode.swift; name = Model.swift; path = MoneyManager/Model.swift; sourceTree = SOURCE_ROOT; };
		47AC1AB525C0B7CB006E7817 /* MainTableVCOperation.swift */ = {isa = PBXFileReference; lastKnownFileType = sourcecode.swift; path = MainTableVCOperation.swift; sourceTree = "<group>"; };
		47B3D92828FC922B0022974A /* GoogleService-Info.plist */ = {isa = PBXFileReference; fileEncoding = 4; lastKnownFileType = text.plist.xml; path = "GoogleService-Info.plist"; sourceTree = "<group>"; };
		47B80F772667CA9500032678 /* RoundedGraphView.swift */ = {isa = PBXFileReference; lastKnownFileType = sourcecode.swift; path = RoundedGraphView.swift; sourceTree = "<group>"; };
		47BEBB42262F91D1006FF254 /* CategoryTableVCNewCategory.swift */ = {isa = PBXFileReference; lastKnownFileType = sourcecode.swift; path = CategoryTableVCNewCategory.swift; sourceTree = "<group>"; };
		47C4FF3425B38B0F00F97498 /* VCSetting.swift */ = {isa = PBXFileReference; lastKnownFileType = sourcecode.swift; path = VCSetting.swift; sourceTree = "<group>"; };
		47CB73C225B4364700638185 /* SettingTableVCCategory.swift */ = {isa = PBXFileReference; lastKnownFileType = sourcecode.swift; path = SettingTableVCCategory.swift; sourceTree = "<group>"; };
		47E87751290807B100B99C09 /* CategoryViewModel.swift */ = {isa = PBXFileReference; lastKnownFileType = sourcecode.swift; path = CategoryViewModel.swift; sourceTree = "<group>"; };
		47F1759825BA2D320044BD30 /* VCCategory.swift */ = {isa = PBXFileReference; lastKnownFileType = sourcecode.swift; path = VCCategory.swift; sourceTree = "<group>"; };
/* End PBXFileReference section */

/* Begin PBXFrameworksBuildPhase section */
		472F288025A7319500CE1481 /* Frameworks */ = {
			isa = PBXFrameworksBuildPhase;
			buildActionMask = 2147483647;
			files = (
				47F5F9D72855D99B0042F2D5 /* SimpleCheckbox in Frameworks */,
				479990A52901892800ECD407 /* FirebaseFirestore in Frameworks */,
				477CC22A290ABB1F00EA671D /* AAInfographics in Frameworks */,
				479990A32901892800ECD407 /* FirebaseAuthCombine-Community in Frameworks */,
				47082777290C9E500092246E /* JGProgressHUD in Frameworks */,
				479990A72901892800ECD407 /* FirebaseFirestoreCombine-Community in Frameworks */,
				479990A12901892800ECD407 /* FirebaseAuth in Frameworks */,
				479990A92901892800ECD407 /* FirebaseFirestoreSwift in Frameworks */,
			);
			runOnlyForDeploymentPostprocessing = 0;
		};
		472F289625A7319600CE1481 /* Frameworks */ = {
			isa = PBXFrameworksBuildPhase;
			buildActionMask = 2147483647;
			files = (
			);
			runOnlyForDeploymentPostprocessing = 0;
		};
		472F28A125A7319600CE1481 /* Frameworks */ = {
			isa = PBXFrameworksBuildPhase;
			buildActionMask = 2147483647;
			files = (
			);
			runOnlyForDeploymentPostprocessing = 0;
		};
/* End PBXFrameworksBuildPhase section */

/* Begin PBXGroup section */
		472F287A25A7319500CE1481 = {
			isa = PBXGroup;
			children = (
				475342D6290C37EC006BE673 /* swiftlint.yml */,
				472F288525A7319500CE1481 /* MoneyManager */,
				472F289C25A7319600CE1481 /* MoneyManagerTests */,
				472F28A725A7319600CE1481 /* MoneyManagerUITests */,
				472F288425A7319500CE1481 /* Products */,
			);
			sourceTree = "<group>";
		};
		472F288425A7319500CE1481 /* Products */ = {
			isa = PBXGroup;
			children = (
				472F288325A7319500CE1481 /* MoneyManager.app */,
				472F289925A7319600CE1481 /* MoneyManagerTests.xctest */,
				472F28A425A7319600CE1481 /* MoneyManagerUITests.xctest */,
			);
			name = Products;
			sourceTree = "<group>";
		};
		472F288525A7319500CE1481 /* MoneyManager */ = {
			isa = PBXGroup;
			children = (
				472F288625A7319500CE1481 /* AppDelegate.swift */,
				472F288825A7319500CE1481 /* SceneDelegate.swift */,
				47AC1A9425C09AC9006E7817 /* Model.swift */,
				47431E5E290B4C8B00818E6E /* Firebase.swift */,
				473549B9281961C800E87139 /* View */,
				473549B8281961A900E87139 /* ViewModel */,
				47E9D49328FEAD3C00ACE97F /* Utilities */,
				472F288C25A7319500CE1481 /* Main.storyboard */,
				472F288F25A7319500CE1481 /* Assets.xcassets */,
				472F289125A7319500CE1481 /* LaunchScreen.storyboard */,
				472F289425A7319500CE1481 /* Info.plist */,
				47B3D92828FC922B0022974A /* GoogleService-Info.plist */,
			);
			path = MoneyManager;
			sourceTree = "<group>";
		};
		472F289C25A7319600CE1481 /* MoneyManagerTests */ = {
			isa = PBXGroup;
			children = (
				472F289D25A7319600CE1481 /* MoneyManagerTests.swift */,
				472F289F25A7319600CE1481 /* Info.plist */,
			);
			path = MoneyManagerTests;
			sourceTree = "<group>";
		};
		472F28A725A7319600CE1481 /* MoneyManagerUITests */ = {
			isa = PBXGroup;
			children = (
				472F28A825A7319600CE1481 /* MoneyManagerUITests.swift */,
				472F28AA25A7319600CE1481 /* Info.plist */,
			);
			path = MoneyManagerUITests;
			sourceTree = "<group>";
		};
		473549B8281961A900E87139 /* ViewModel */ = {
			isa = PBXGroup;
			children = (
				473549BA2819636200E87139 /* MainViewModel.swift */,
				473549BC2819CFD600E87139 /* MainVM+TableExtension.swift */,
				473549C0281A89E200E87139 /* SettingViewModel.swift */,
				473549C2281B2BA500E87139 /* SettingVM+TableExtension.swift */,
				47E87751290807B100B99C09 /* CategoryViewModel.swift */,
			);
			path = ViewModel;
			sourceTree = "<group>";
		};
		473549B9281961C800E87139 /* View */ = {
			isa = PBXGroup;
			children = (
				472F288A25A7319500CE1481 /* VCMain.swift */,
				47C4FF3425B38B0F00F97498 /* VCSetting.swift */,
				47F1759825BA2D320044BD30 /* VCCategory.swift */,
				4771587B262AB31E00F27D4B /* VCOperation.swift */,
				4729DC3F263DA3AB00CA8B66 /* VCGraph.swift */,
			);
			path = View;
			sourceTree = "<group>";
		};
		47E9D49328FEAD3C00ACE97F /* Utilities */ = {
			isa = PBXGroup;
			children = (
				47AC1AB525C0B7CB006E7817 /* MainTableVCOperation.swift */,
				47B80F772667CA9500032678 /* RoundedGraphView.swift */,
				47CB73C225B4364700638185 /* SettingTableVCCategory.swift */,
				47621F9725B644BF0095A52F /* SettingTableVCNote.swift */,
				4715214F25F3A8E600FE585C /* SettingTableVCDate.swift */,
				4750EFE625BC2C5C00167A92 /* CategoryTableVCHeader.swift */,
				47BEBB42262F91D1006FF254 /* CategoryTableVCNewCategory.swift */,
				4750EFEB25BC2C7F00167A92 /* CategoryTableVCCategory.swift */,
			);
			path = Utilities;
			sourceTree = "<group>";
		};
/* End PBXGroup section */

/* Begin PBXNativeTarget section */
		472F288225A7319500CE1481 /* MoneyManager */ = {
			isa = PBXNativeTarget;
			buildConfigurationList = 472F28AD25A7319600CE1481 /* Build configuration list for PBXNativeTarget "MoneyManager" */;
			buildPhases = (
				475342DA290C3864006BE673 /* Run Script */,
				472F287F25A7319500CE1481 /* Sources */,
				472F288025A7319500CE1481 /* Frameworks */,
				472F288125A7319500CE1481 /* Resources */,
			);
			buildRules = (
			);
			dependencies = (
			);
			name = MoneyManager;
			packageProductDependencies = (
				47F5F9D62855D99B0042F2D5 /* SimpleCheckbox */,
				479990A02901892800ECD407 /* FirebaseAuth */,
				479990A22901892800ECD407 /* FirebaseAuthCombine-Community */,
				479990A42901892800ECD407 /* FirebaseFirestore */,
				479990A62901892800ECD407 /* FirebaseFirestoreCombine-Community */,
				479990A82901892800ECD407 /* FirebaseFirestoreSwift */,
				477CC229290ABB1F00EA671D /* AAInfographics */,
				47082776290C9E500092246E /* JGProgressHUD */,
			);
			productName = Skillbox_diploma_step1;
			productReference = 472F288325A7319500CE1481 /* MoneyManager.app */;
			productType = "com.apple.product-type.application";
		};
		472F289825A7319600CE1481 /* MoneyManagerTests */ = {
			isa = PBXNativeTarget;
			buildConfigurationList = 472F28B025A7319600CE1481 /* Build configuration list for PBXNativeTarget "MoneyManagerTests" */;
			buildPhases = (
				472F289525A7319600CE1481 /* Sources */,
				472F289625A7319600CE1481 /* Frameworks */,
				472F289725A7319600CE1481 /* Resources */,
			);
			buildRules = (
			);
			dependencies = (
				472F289B25A7319600CE1481 /* PBXTargetDependency */,
			);
			name = MoneyManagerTests;
			productName = Skillbox_diploma_step1Tests;
			productReference = 472F289925A7319600CE1481 /* MoneyManagerTests.xctest */;
			productType = "com.apple.product-type.bundle.unit-test";
		};
		472F28A325A7319600CE1481 /* MoneyManagerUITests */ = {
			isa = PBXNativeTarget;
			buildConfigurationList = 472F28B325A7319600CE1481 /* Build configuration list for PBXNativeTarget "MoneyManagerUITests" */;
			buildPhases = (
				472F28A025A7319600CE1481 /* Sources */,
				472F28A125A7319600CE1481 /* Frameworks */,
				472F28A225A7319600CE1481 /* Resources */,
			);
			buildRules = (
			);
			dependencies = (
				472F28A625A7319600CE1481 /* PBXTargetDependency */,
			);
			name = MoneyManagerUITests;
			productName = Skillbox_diploma_step1UITests;
			productReference = 472F28A425A7319600CE1481 /* MoneyManagerUITests.xctest */;
			productType = "com.apple.product-type.bundle.ui-testing";
		};
/* End PBXNativeTarget section */

/* Begin PBXProject section */
		472F287B25A7319500CE1481 /* Project object */ = {
			isa = PBXProject;
			attributes = {
				LastSwiftUpdateCheck = 1230;
				LastUpgradeCheck = 1230;
				TargetAttributes = {
					472F288225A7319500CE1481 = {
						CreatedOnToolsVersion = 12.3;
					};
					472F289825A7319600CE1481 = {
						CreatedOnToolsVersion = 12.3;
						TestTargetID = 472F288225A7319500CE1481;
					};
					472F28A325A7319600CE1481 = {
						CreatedOnToolsVersion = 12.3;
						TestTargetID = 472F288225A7319500CE1481;
					};
				};
			};
			buildConfigurationList = 472F287E25A7319500CE1481 /* Build configuration list for PBXProject "MoneyManager" */;
			compatibilityVersion = "Xcode 9.3";
			developmentRegion = en;
			hasScannedForEncodings = 0;
			knownRegions = (
				en,
				Base,
			);
			mainGroup = 472F287A25A7319500CE1481;
			packageReferences = (
				47F5F9D52855D99B0042F2D5 /* XCRemoteSwiftPackageReference "SimpleCheckbox" */,
				4799909F2901892800ECD407 /* XCRemoteSwiftPackageReference "firebase-ios-sdk" */,
				477CC228290ABB1E00EA671D /* XCRemoteSwiftPackageReference "AAChartKit-Swift" */,
				47082775290C9E500092246E /* XCRemoteSwiftPackageReference "JGProgressHUD" */,
			);
			productRefGroup = 472F288425A7319500CE1481 /* Products */;
			projectDirPath = "";
			projectRoot = "";
			targets = (
				472F288225A7319500CE1481 /* MoneyManager */,
				472F289825A7319600CE1481 /* MoneyManagerTests */,
				472F28A325A7319600CE1481 /* MoneyManagerUITests */,
			);
		};
/* End PBXProject section */

/* Begin PBXResourcesBuildPhase section */
		472F288125A7319500CE1481 /* Resources */ = {
			isa = PBXResourcesBuildPhase;
			buildActionMask = 2147483647;
			files = (
				472F289325A7319500CE1481 /* LaunchScreen.storyboard in Resources */,
				475342D7290C37EC006BE673 /* swiftlint.yml in Resources */,
				472F289025A7319500CE1481 /* Assets.xcassets in Resources */,
				47B3D92928FC922B0022974A /* GoogleService-Info.plist in Resources */,
				472F288E25A7319500CE1481 /* Main.storyboard in Resources */,
			);
			runOnlyForDeploymentPostprocessing = 0;
		};
		472F289725A7319600CE1481 /* Resources */ = {
			isa = PBXResourcesBuildPhase;
			buildActionMask = 2147483647;
			files = (
				47B3D92A28FC922B0022974A /* GoogleService-Info.plist in Resources */,
				475342D8290C37EC006BE673 /* swiftlint.yml in Resources */,
			);
			runOnlyForDeploymentPostprocessing = 0;
		};
		472F28A225A7319600CE1481 /* Resources */ = {
			isa = PBXResourcesBuildPhase;
			buildActionMask = 2147483647;
			files = (
				47B3D92B28FC922B0022974A /* GoogleService-Info.plist in Resources */,
				475342D9290C37EC006BE673 /* swiftlint.yml in Resources */,
			);
			runOnlyForDeploymentPostprocessing = 0;
		};
/* End PBXResourcesBuildPhase section */

/* Begin PBXShellScriptBuildPhase section */
		475342DA290C3864006BE673 /* Run Script */ = {
			isa = PBXShellScriptBuildPhase;
			buildActionMask = 2147483647;
			files = (
			);
			inputFileListPaths = (
			);
			inputPaths = (
			);
			name = "Run Script";
			outputFileListPaths = (
			);
			outputPaths = (
			);
			runOnlyForDeploymentPostprocessing = 0;
			shellPath = /bin/sh;
			shellScript = "# Type a script or drag a script file from your workspace to insert its path.\nif which swiftlint >/dev/null; then\n  swiftlint\nelse\n  echo \"warning: SwiftLint not installed\"\nfi\n";
		};
/* End PBXShellScriptBuildPhase section */

/* Begin PBXSourcesBuildPhase section */
		472F287F25A7319500CE1481 /* Sources */ = {
			isa = PBXSourcesBuildPhase;
			buildActionMask = 2147483647;
			files = (
				473549C1281A89E200E87139 /* SettingViewModel.swift in Sources */,
				47431E5F290B4C8B00818E6E /* Firebase.swift in Sources */,
				473549C3281B2BA500E87139 /* SettingVM+TableExtension.swift in Sources */,
				4715215025F3A8E600FE585C /* SettingTableVCDate.swift in Sources */,
				47AC1AB625C0B7CB006E7817 /* MainTableVCOperation.swift in Sources */,
				473549BB2819636200E87139 /* MainViewModel.swift in Sources */,
				47AC1A9525C09AC9006E7817 /* Model.swift in Sources */,
				4750EFEC25BC2C7F00167A92 /* CategoryTableVCCategory.swift in Sources */,
				472F288B25A7319500CE1481 /* VCMain.swift in Sources */,
				472F288725A7319500CE1481 /* AppDelegate.swift in Sources */,
				4729DC40263DA3AB00CA8B66 /* VCGraph.swift in Sources */,
				4771587C262AB31E00F27D4B /* VCOperation.swift in Sources */,
				47BEBB43262F91D1006FF254 /* CategoryTableVCNewCategory.swift in Sources */,
				47B80F782667CA9500032678 /* RoundedGraphView.swift in Sources */,
				473549BD2819CFD600E87139 /* MainVM+TableExtension.swift in Sources */,
				47F1759925BA2D320044BD30 /* VCCategory.swift in Sources */,
				47CB73C325B4364700638185 /* SettingTableVCCategory.swift in Sources */,
				47621F9825B644BF0095A52F /* SettingTableVCNote.swift in Sources */,
				4750EFE725BC2C5C00167A92 /* CategoryTableVCHeader.swift in Sources */,
				472F288925A7319500CE1481 /* SceneDelegate.swift in Sources */,
				47C4FF3525B38B0F00F97498 /* VCSetting.swift in Sources */,
				47E87752290807B100B99C09 /* CategoryViewModel.swift in Sources */,
			);
			runOnlyForDeploymentPostprocessing = 0;
		};
		472F289525A7319600CE1481 /* Sources */ = {
			isa = PBXSourcesBuildPhase;
			buildActionMask = 2147483647;
			files = (
				47431E60290B4C8B00818E6E /* Firebase.swift in Sources */,
				472F289E25A7319600CE1481 /* MoneyManagerTests.swift in Sources */,
				47E87753290807B100B99C09 /* CategoryViewModel.swift in Sources */,
			);
			runOnlyForDeploymentPostprocessing = 0;
		};
		472F28A025A7319600CE1481 /* Sources */ = {
			isa = PBXSourcesBuildPhase;
			buildActionMask = 2147483647;
			files = (
				47431E61290B4C8B00818E6E /* Firebase.swift in Sources */,
				472F28A925A7319600CE1481 /* MoneyManagerUITests.swift in Sources */,
				47E87754290807B100B99C09 /* CategoryViewModel.swift in Sources */,
			);
			runOnlyForDeploymentPostprocessing = 0;
		};
/* End PBXSourcesBuildPhase section */

/* Begin PBXTargetDependency section */
		472F289B25A7319600CE1481 /* PBXTargetDependency */ = {
			isa = PBXTargetDependency;
			target = 472F288225A7319500CE1481 /* MoneyManager */;
			targetProxy = 472F289A25A7319600CE1481 /* PBXContainerItemProxy */;
		};
		472F28A625A7319600CE1481 /* PBXTargetDependency */ = {
			isa = PBXTargetDependency;
			target = 472F288225A7319500CE1481 /* MoneyManager */;
			targetProxy = 472F28A525A7319600CE1481 /* PBXContainerItemProxy */;
		};
/* End PBXTargetDependency section */

/* Begin PBXVariantGroup section */
		472F288C25A7319500CE1481 /* Main.storyboard */ = {
			isa = PBXVariantGroup;
			children = (
				472F288D25A7319500CE1481 /* Base */,
			);
			name = Main.storyboard;
			sourceTree = "<group>";
		};
		472F289125A7319500CE1481 /* LaunchScreen.storyboard */ = {
			isa = PBXVariantGroup;
			children = (
				472F289225A7319500CE1481 /* Base */,
			);
			name = LaunchScreen.storyboard;
			sourceTree = "<group>";
		};
/* End PBXVariantGroup section */

/* Begin XCBuildConfiguration section */
		472F28AB25A7319600CE1481 /* Debug */ = {
			isa = XCBuildConfiguration;
			buildSettings = {
				ALWAYS_SEARCH_USER_PATHS = NO;
				CLANG_ANALYZER_NONNULL = YES;
				CLANG_ANALYZER_NUMBER_OBJECT_CONVERSION = YES_AGGRESSIVE;
				CLANG_CXX_LANGUAGE_STANDARD = "gnu++14";
				CLANG_CXX_LIBRARY = "libc++";
				CLANG_ENABLE_MODULES = YES;
				CLANG_ENABLE_OBJC_ARC = YES;
				CLANG_ENABLE_OBJC_WEAK = YES;
				CLANG_WARN_BLOCK_CAPTURE_AUTORELEASING = YES;
				CLANG_WARN_BOOL_CONVERSION = YES;
				CLANG_WARN_COMMA = YES;
				CLANG_WARN_CONSTANT_CONVERSION = YES;
				CLANG_WARN_DEPRECATED_OBJC_IMPLEMENTATIONS = YES;
				CLANG_WARN_DIRECT_OBJC_ISA_USAGE = YES_ERROR;
				CLANG_WARN_DOCUMENTATION_COMMENTS = YES;
				CLANG_WARN_EMPTY_BODY = YES;
				CLANG_WARN_ENUM_CONVERSION = YES;
				CLANG_WARN_INFINITE_RECURSION = YES;
				CLANG_WARN_INT_CONVERSION = YES;
				CLANG_WARN_NON_LITERAL_NULL_CONVERSION = YES;
				CLANG_WARN_OBJC_IMPLICIT_RETAIN_SELF = YES;
				CLANG_WARN_OBJC_LITERAL_CONVERSION = YES;
				CLANG_WARN_OBJC_ROOT_CLASS = YES_ERROR;
				CLANG_WARN_QUOTED_INCLUDE_IN_FRAMEWORK_HEADER = YES;
				CLANG_WARN_RANGE_LOOP_ANALYSIS = YES;
				CLANG_WARN_STRICT_PROTOTYPES = YES;
				CLANG_WARN_SUSPICIOUS_MOVE = YES;
				CLANG_WARN_UNGUARDED_AVAILABILITY = YES_AGGRESSIVE;
				CLANG_WARN_UNREACHABLE_CODE = YES;
				CLANG_WARN__DUPLICATE_METHOD_MATCH = YES;
				COPY_PHASE_STRIP = NO;
				DEBUG_INFORMATION_FORMAT = dwarf;
				ENABLE_STRICT_OBJC_MSGSEND = YES;
				ENABLE_TESTABILITY = YES;
				GCC_C_LANGUAGE_STANDARD = gnu11;
				GCC_DYNAMIC_NO_PIC = NO;
				GCC_NO_COMMON_BLOCKS = YES;
				GCC_OPTIMIZATION_LEVEL = 0;
				GCC_PREPROCESSOR_DEFINITIONS = (
					"DEBUG=1",
					"$(inherited)",
				);
				GCC_WARN_64_TO_32_BIT_CONVERSION = YES;
				GCC_WARN_ABOUT_RETURN_TYPE = YES_ERROR;
				GCC_WARN_UNDECLARED_SELECTOR = YES;
				GCC_WARN_UNINITIALIZED_AUTOS = YES_AGGRESSIVE;
				GCC_WARN_UNUSED_FUNCTION = YES;
				GCC_WARN_UNUSED_VARIABLE = YES;
				IPHONEOS_DEPLOYMENT_TARGET = 14.3;
				MTL_ENABLE_DEBUG_INFO = INCLUDE_SOURCE;
				MTL_FAST_MATH = YES;
				ONLY_ACTIVE_ARCH = YES;
				SDKROOT = iphoneos;
				SWIFT_ACTIVE_COMPILATION_CONDITIONS = DEBUG;
				SWIFT_OPTIMIZATION_LEVEL = "-Onone";
			};
			name = Debug;
		};
		472F28AC25A7319600CE1481 /* Release */ = {
			isa = XCBuildConfiguration;
			buildSettings = {
				ALWAYS_SEARCH_USER_PATHS = NO;
				CLANG_ANALYZER_NONNULL = YES;
				CLANG_ANALYZER_NUMBER_OBJECT_CONVERSION = YES_AGGRESSIVE;
				CLANG_CXX_LANGUAGE_STANDARD = "gnu++14";
				CLANG_CXX_LIBRARY = "libc++";
				CLANG_ENABLE_MODULES = YES;
				CLANG_ENABLE_OBJC_ARC = YES;
				CLANG_ENABLE_OBJC_WEAK = YES;
				CLANG_WARN_BLOCK_CAPTURE_AUTORELEASING = YES;
				CLANG_WARN_BOOL_CONVERSION = YES;
				CLANG_WARN_COMMA = YES;
				CLANG_WARN_CONSTANT_CONVERSION = YES;
				CLANG_WARN_DEPRECATED_OBJC_IMPLEMENTATIONS = YES;
				CLANG_WARN_DIRECT_OBJC_ISA_USAGE = YES_ERROR;
				CLANG_WARN_DOCUMENTATION_COMMENTS = YES;
				CLANG_WARN_EMPTY_BODY = YES;
				CLANG_WARN_ENUM_CONVERSION = YES;
				CLANG_WARN_INFINITE_RECURSION = YES;
				CLANG_WARN_INT_CONVERSION = YES;
				CLANG_WARN_NON_LITERAL_NULL_CONVERSION = YES;
				CLANG_WARN_OBJC_IMPLICIT_RETAIN_SELF = YES;
				CLANG_WARN_OBJC_LITERAL_CONVERSION = YES;
				CLANG_WARN_OBJC_ROOT_CLASS = YES_ERROR;
				CLANG_WARN_QUOTED_INCLUDE_IN_FRAMEWORK_HEADER = YES;
				CLANG_WARN_RANGE_LOOP_ANALYSIS = YES;
				CLANG_WARN_STRICT_PROTOTYPES = YES;
				CLANG_WARN_SUSPICIOUS_MOVE = YES;
				CLANG_WARN_UNGUARDED_AVAILABILITY = YES_AGGRESSIVE;
				CLANG_WARN_UNREACHABLE_CODE = YES;
				CLANG_WARN__DUPLICATE_METHOD_MATCH = YES;
				COPY_PHASE_STRIP = NO;
				DEBUG_INFORMATION_FORMAT = "dwarf-with-dsym";
				ENABLE_NS_ASSERTIONS = NO;
				ENABLE_STRICT_OBJC_MSGSEND = YES;
				GCC_C_LANGUAGE_STANDARD = gnu11;
				GCC_NO_COMMON_BLOCKS = YES;
				GCC_WARN_64_TO_32_BIT_CONVERSION = YES;
				GCC_WARN_ABOUT_RETURN_TYPE = YES_ERROR;
				GCC_WARN_UNDECLARED_SELECTOR = YES;
				GCC_WARN_UNINITIALIZED_AUTOS = YES_AGGRESSIVE;
				GCC_WARN_UNUSED_FUNCTION = YES;
				GCC_WARN_UNUSED_VARIABLE = YES;
				IPHONEOS_DEPLOYMENT_TARGET = 14.3;
				MTL_ENABLE_DEBUG_INFO = NO;
				MTL_FAST_MATH = YES;
				SDKROOT = iphoneos;
				SWIFT_COMPILATION_MODE = wholemodule;
				SWIFT_OPTIMIZATION_LEVEL = "-O";
				VALIDATE_PRODUCT = YES;
			};
			name = Release;
		};
		472F28AE25A7319600CE1481 /* Debug */ = {
			isa = XCBuildConfiguration;
			buildSettings = {
				ASSETCATALOG_COMPILER_APPICON_NAME = AppIcon;
				ASSETCATALOG_COMPILER_GLOBAL_ACCENT_COLOR_NAME = AccentColor;
				CODE_SIGN_STYLE = Automatic;
				DEVELOPMENT_ASSET_PATHS = "MoneyManager/GoogleService-Info.plist";
				DEVELOPMENT_TEAM = 6VWFU6AND8;
				INFOPLIST_FILE = MoneyManager/Info.plist;
				LD_RUNPATH_SEARCH_PATHS = (
					"$(inherited)",
					"@executable_path/Frameworks",
				);
				PRODUCT_BUNDLE_IDENTIFIER = "roman.sundurov.work.Money-manager";
				PRODUCT_NAME = "$(TARGET_NAME)";
				SWIFT_VERSION = 5.0;
				TARGETED_DEVICE_FAMILY = "1,2";
			};
			name = Debug;
		};
		472F28AF25A7319600CE1481 /* Release */ = {
			isa = XCBuildConfiguration;
			buildSettings = {
				ASSETCATALOG_COMPILER_APPICON_NAME = AppIcon;
				ASSETCATALOG_COMPILER_GLOBAL_ACCENT_COLOR_NAME = AccentColor;
				CODE_SIGN_STYLE = Automatic;
				DEVELOPMENT_ASSET_PATHS = "MoneyManager/GoogleService-Info.plist";
				DEVELOPMENT_TEAM = 6VWFU6AND8;
				INFOPLIST_FILE = MoneyManager/Info.plist;
				LD_RUNPATH_SEARCH_PATHS = (
					"$(inherited)",
					"@executable_path/Frameworks",
				);
				PRODUCT_BUNDLE_IDENTIFIER = "roman.sundurov.work.Money-manager";
				PRODUCT_NAME = "$(TARGET_NAME)";
				SWIFT_VERSION = 5.0;
				TARGETED_DEVICE_FAMILY = "1,2";
			};
			name = Release;
		};
		472F28B125A7319600CE1481 /* Debug */ = {
			isa = XCBuildConfiguration;
			buildSettings = {
				ALWAYS_EMBED_SWIFT_STANDARD_LIBRARIES = YES;
				BUNDLE_LOADER = "$(TEST_HOST)";
				CODE_SIGN_STYLE = Automatic;
				DEVELOPMENT_TEAM = 6VWFU6AND8;
				INFOPLIST_FILE = MoneyManagerTests/Info.plist;
				IPHONEOS_DEPLOYMENT_TARGET = 14.3;
				LD_RUNPATH_SEARCH_PATHS = (
					"$(inherited)",
					"@executable_path/Frameworks",
					"@loader_path/Frameworks",
				);
				PRODUCT_BUNDLE_IDENTIFIER = roman.sundurov.work.MoneyManagerTests;
				PRODUCT_NAME = "$(TARGET_NAME)";
				SWIFT_VERSION = 5.0;
				TARGETED_DEVICE_FAMILY = "1,2";
				TEST_HOST = "$(BUILT_PRODUCTS_DIR)/MoneyManager.app/MoneyManager";
			};
			name = Debug;
		};
		472F28B225A7319600CE1481 /* Release */ = {
			isa = XCBuildConfiguration;
			buildSettings = {
				ALWAYS_EMBED_SWIFT_STANDARD_LIBRARIES = YES;
				BUNDLE_LOADER = "$(TEST_HOST)";
				CODE_SIGN_STYLE = Automatic;
				DEVELOPMENT_TEAM = 6VWFU6AND8;
				INFOPLIST_FILE = MoneyManagerTests/Info.plist;
				IPHONEOS_DEPLOYMENT_TARGET = 14.3;
				LD_RUNPATH_SEARCH_PATHS = (
					"$(inherited)",
					"@executable_path/Frameworks",
					"@loader_path/Frameworks",
				);
				PRODUCT_BUNDLE_IDENTIFIER = roman.sundurov.work.MoneyManagerTests;
				PRODUCT_NAME = "$(TARGET_NAME)";
				SWIFT_VERSION = 5.0;
				TARGETED_DEVICE_FAMILY = "1,2";
				TEST_HOST = "$(BUILT_PRODUCTS_DIR)/MoneyManager.app/MoneyManager";
			};
			name = Release;
		};
		472F28B425A7319600CE1481 /* Debug */ = {
			isa = XCBuildConfiguration;
			buildSettings = {
				ALWAYS_EMBED_SWIFT_STANDARD_LIBRARIES = YES;
				CODE_SIGN_STYLE = Automatic;
				DEVELOPMENT_TEAM = 6VWFU6AND8;
				INFOPLIST_FILE = MoneyManagerUITests/Info.plist;
				LD_RUNPATH_SEARCH_PATHS = (
					"$(inherited)",
					"@executable_path/Frameworks",
					"@loader_path/Frameworks",
				);
				PRODUCT_BUNDLE_IDENTIFIER = roman.sundurov.work.MoneyManagerUITests;
				PRODUCT_NAME = "$(TARGET_NAME)";
				SWIFT_VERSION = 5.0;
				TARGETED_DEVICE_FAMILY = "1,2";
				TEST_TARGET_NAME = MoneyManager;
			};
			name = Debug;
		};
		472F28B525A7319600CE1481 /* Release */ = {
			isa = XCBuildConfiguration;
			buildSettings = {
				ALWAYS_EMBED_SWIFT_STANDARD_LIBRARIES = YES;
				CODE_SIGN_STYLE = Automatic;
				DEVELOPMENT_TEAM = 6VWFU6AND8;
				INFOPLIST_FILE = MoneyManagerUITests/Info.plist;
				LD_RUNPATH_SEARCH_PATHS = (
					"$(inherited)",
					"@executable_path/Frameworks",
					"@loader_path/Frameworks",
				);
				PRODUCT_BUNDLE_IDENTIFIER = roman.sundurov.work.MoneyManagerUITests;
				PRODUCT_NAME = "$(TARGET_NAME)";
				SWIFT_VERSION = 5.0;
				TARGETED_DEVICE_FAMILY = "1,2";
				TEST_TARGET_NAME = MoneyManager;
			};
			name = Release;
		};
/* End XCBuildConfiguration section */

/* Begin XCConfigurationList section */
		472F287E25A7319500CE1481 /* Build configuration list for PBXProject "MoneyManager" */ = {
			isa = XCConfigurationList;
			buildConfigurations = (
				472F28AB25A7319600CE1481 /* Debug */,
				472F28AC25A7319600CE1481 /* Release */,
			);
			defaultConfigurationIsVisible = 0;
			defaultConfigurationName = Release;
		};
		472F28AD25A7319600CE1481 /* Build configuration list for PBXNativeTarget "MoneyManager" */ = {
			isa = XCConfigurationList;
			buildConfigurations = (
				472F28AE25A7319600CE1481 /* Debug */,
				472F28AF25A7319600CE1481 /* Release */,
			);
			defaultConfigurationIsVisible = 0;
			defaultConfigurationName = Release;
		};
		472F28B025A7319600CE1481 /* Build configuration list for PBXNativeTarget "MoneyManagerTests" */ = {
			isa = XCConfigurationList;
			buildConfigurations = (
				472F28B125A7319600CE1481 /* Debug */,
				472F28B225A7319600CE1481 /* Release */,
			);
			defaultConfigurationIsVisible = 0;
			defaultConfigurationName = Release;
		};
		472F28B325A7319600CE1481 /* Build configuration list for PBXNativeTarget "MoneyManagerUITests" */ = {
			isa = XCConfigurationList;
			buildConfigurations = (
				472F28B425A7319600CE1481 /* Debug */,
				472F28B525A7319600CE1481 /* Release */,
			);
			defaultConfigurationIsVisible = 0;
			defaultConfigurationName = Release;
		};
/* End XCConfigurationList section */

/* Begin XCRemoteSwiftPackageReference section */
		47082775290C9E500092246E /* XCRemoteSwiftPackageReference "JGProgressHUD" */ = {
			isa = XCRemoteSwiftPackageReference;
			repositoryURL = "https://github.com/JonasGessner/JGProgressHUD";
			requirement = {
				kind = upToNextMajorVersion;
				minimumVersion = 2.0.0;
			};
		};
		477CC228290ABB1E00EA671D /* XCRemoteSwiftPackageReference "AAChartKit-Swift" */ = {
			isa = XCRemoteSwiftPackageReference;
			repositoryURL = "https://github.com/AAChartModel/AAChartKit-Swift";
			requirement = {
				kind = upToNextMajorVersion;
				minimumVersion = 7.0.0;
			};
		};
		4799909F2901892800ECD407 /* XCRemoteSwiftPackageReference "firebase-ios-sdk" */ = {
			isa = XCRemoteSwiftPackageReference;
			repositoryURL = "https://github.com/firebase/firebase-ios-sdk.git";
			requirement = {
				kind = upToNextMajorVersion;
				minimumVersion = 9.0.0;
			};
		};
		47F5F9D52855D99B0042F2D5 /* XCRemoteSwiftPackageReference "SimpleCheckbox" */ = {
			isa = XCRemoteSwiftPackageReference;
			repositoryURL = "https://github.com/BeauNouvelle/SimpleCheckbox";
			requirement = {
				kind = upToNextMajorVersion;
				minimumVersion = 2.0.0;
			};
		};
/* End XCRemoteSwiftPackageReference section */

/* Begin XCSwiftPackageProductDependency section */
		47082776290C9E500092246E /* JGProgressHUD */ = {
			isa = XCSwiftPackageProductDependency;
			package = 47082775290C9E500092246E /* XCRemoteSwiftPackageReference "JGProgressHUD" */;
			productName = JGProgressHUD;
		};
		477CC229290ABB1F00EA671D /* AAInfographics */ = {
			isa = XCSwiftPackageProductDependency;
			package = 477CC228290ABB1E00EA671D /* XCRemoteSwiftPackageReference "AAChartKit-Swift" */;
			productName = AAInfographics;
		};
		479990A02901892800ECD407 /* FirebaseAuth */ = {
			isa = XCSwiftPackageProductDependency;
			package = 4799909F2901892800ECD407 /* XCRemoteSwiftPackageReference "firebase-ios-sdk" */;
			productName = FirebaseAuth;
		};
		479990A22901892800ECD407 /* FirebaseAuthCombine-Community */ = {
			isa = XCSwiftPackageProductDependency;
			package = 4799909F2901892800ECD407 /* XCRemoteSwiftPackageReference "firebase-ios-sdk" */;
			productName = "FirebaseAuthCombine-Community";
		};
		479990A42901892800ECD407 /* FirebaseFirestore */ = {
			isa = XCSwiftPackageProductDependency;
			package = 4799909F2901892800ECD407 /* XCRemoteSwiftPackageReference "firebase-ios-sdk" */;
			productName = FirebaseFirestore;
		};
		479990A62901892800ECD407 /* FirebaseFirestoreCombine-Community */ = {
			isa = XCSwiftPackageProductDependency;
			package = 4799909F2901892800ECD407 /* XCRemoteSwiftPackageReference "firebase-ios-sdk" */;
			productName = "FirebaseFirestoreCombine-Community";
		};
		479990A82901892800ECD407 /* FirebaseFirestoreSwift */ = {
			isa = XCSwiftPackageProductDependency;
			package = 4799909F2901892800ECD407 /* XCRemoteSwiftPackageReference "firebase-ios-sdk" */;
			productName = FirebaseFirestoreSwift;
		};
		47F5F9D62855D99B0042F2D5 /* SimpleCheckbox */ = {
			isa = XCSwiftPackageProductDependency;
			package = 47F5F9D52855D99B0042F2D5 /* XCRemoteSwiftPackageReference "SimpleCheckbox" */;
			productName = SimpleCheckbox;
		};
/* End XCSwiftPackageProductDependency section */
	};
	rootObject = 472F287B25A7319500CE1481 /* Project object */;
}
