// !$*UTF8*$!
{
	archiveVersion = 1;
	classes = {
	};
	objectVersion = 52;
	objects = {

/* Begin PBXBuildFile section */
		4715215025F3A8E600FE585C /* Screen2TableVCDate.swift in Sources */ = {isa = PBXBuildFile; fileRef = 4715214F25F3A8E600FE585C /* Screen2TableVCDate.swift */; };
		4715819325B6FE310047C5D0 /* Screen2TableVCHeader.swift in Sources */ = {isa = PBXBuildFile; fileRef = 4715819225B6FE310047C5D0 /* Screen2TableVCHeader.swift */; };
		4729DC40263DA3AB00CA8B66 /* VCScreen1ContainerGraph.swift in Sources */ = {isa = PBXBuildFile; fileRef = 4729DC3F263DA3AB00CA8B66 /* VCScreen1ContainerGraph.swift */; };
		472F288725A7319500CE1481 /* AppDelegate.swift in Sources */ = {isa = PBXBuildFile; fileRef = 472F288625A7319500CE1481 /* AppDelegate.swift */; };
		472F288925A7319500CE1481 /* SceneDelegate.swift in Sources */ = {isa = PBXBuildFile; fileRef = 472F288825A7319500CE1481 /* SceneDelegate.swift */; };
		472F288B25A7319500CE1481 /* VCScreen1.swift in Sources */ = {isa = PBXBuildFile; fileRef = 472F288A25A7319500CE1481 /* VCScreen1.swift */; };
		472F288E25A7319500CE1481 /* Main.storyboard in Resources */ = {isa = PBXBuildFile; fileRef = 472F288C25A7319500CE1481 /* Main.storyboard */; };
		472F289025A7319500CE1481 /* Assets.xcassets in Resources */ = {isa = PBXBuildFile; fileRef = 472F288F25A7319500CE1481 /* Assets.xcassets */; };
		472F289325A7319500CE1481 /* LaunchScreen.storyboard in Resources */ = {isa = PBXBuildFile; fileRef = 472F289125A7319500CE1481 /* LaunchScreen.storyboard */; };
		472F289E25A7319600CE1481 /* Skillbox_diploma_step1Tests.swift in Sources */ = {isa = PBXBuildFile; fileRef = 472F289D25A7319600CE1481 /* Skillbox_diploma_step1Tests.swift */; };
		472F28A925A7319600CE1481 /* Skillbox_diploma_step1UITests.swift in Sources */ = {isa = PBXBuildFile; fileRef = 472F28A825A7319600CE1481 /* Skillbox_diploma_step1UITests.swift */; };
		4750EFE725BC2C5C00167A92 /* Screen2ContainerTableVCellHeader.swift in Sources */ = {isa = PBXBuildFile; fileRef = 4750EFE625BC2C5C00167A92 /* Screen2ContainerTableVCellHeader.swift */; };
		4750EFEC25BC2C7F00167A92 /* Screen2ContainerTableVCChangeCategory.swift in Sources */ = {isa = PBXBuildFile; fileRef = 4750EFEB25BC2C7F00167A92 /* Screen2ContainerTableVCChangeCategory.swift */; };
		475D711A26509A0F009D917A /* GraphView.swift in Sources */ = {isa = PBXBuildFile; fileRef = 475D711926509A0F009D917A /* GraphView.swift */; };
		47621F9825B644BF0095A52F /* Screen2TableVCNote.swift in Sources */ = {isa = PBXBuildFile; fileRef = 47621F9725B644BF0095A52F /* Screen2TableVCNote.swift */; };
		4771587C262AB31E00F27D4B /* VCScreen1ContainerOperation.swift in Sources */ = {isa = PBXBuildFile; fileRef = 4771587B262AB31E00F27D4B /* VCScreen1ContainerOperation.swift */; };
		47AC1A9525C09AC9006E7817 /* Persistence.swift in Sources */ = {isa = PBXBuildFile; fileRef = 47AC1A9425C09AC9006E7817 /* Persistence.swift */; };
		47AC1AA625C0AE45006E7817 /* Screen1TableVCHeader.swift in Sources */ = {isa = PBXBuildFile; fileRef = 47AC1AA525C0AE45006E7817 /* Screen1TableVCHeader.swift */; };
		47AC1AB625C0B7CB006E7817 /* Screen1TableVCOperation.swift in Sources */ = {isa = PBXBuildFile; fileRef = 47AC1AB525C0B7CB006E7817 /* Screen1TableVCOperation.swift */; };
		47B80F782667CA9500032678 /* Screen1RoundedGraph.swift in Sources */ = {isa = PBXBuildFile; fileRef = 47B80F772667CA9500032678 /* Screen1RoundedGraph.swift */; };
		47BEBB43262F91D1006FF254 /* Screen2ContainerTableVCNewCategory.swift in Sources */ = {isa = PBXBuildFile; fileRef = 47BEBB42262F91D1006FF254 /* Screen2ContainerTableVCNewCategory.swift */; };
		47C4FF3525B38B0F00F97498 /* VCScreen2.swift in Sources */ = {isa = PBXBuildFile; fileRef = 47C4FF3425B38B0F00F97498 /* VCScreen2.swift */; };
		47CB73C325B4364700638185 /* Screen2TableVCCategory.swift in Sources */ = {isa = PBXBuildFile; fileRef = 47CB73C225B4364700638185 /* Screen2TableVCCategory.swift */; };
		47F1759925BA2D320044BD30 /* VCScreen2Container.swift in Sources */ = {isa = PBXBuildFile; fileRef = 47F1759825BA2D320044BD30 /* VCScreen2Container.swift */; };
/* End PBXBuildFile section */

/* Begin PBXContainerItemProxy section */
		472F289A25A7319600CE1481 /* PBXContainerItemProxy */ = {
			isa = PBXContainerItemProxy;
			containerPortal = 472F287B25A7319500CE1481 /* Project object */;
			proxyType = 1;
			remoteGlobalIDString = 472F288225A7319500CE1481;
			remoteInfo = Skillbox_diploma_step1;
		};
		472F28A525A7319600CE1481 /* PBXContainerItemProxy */ = {
			isa = PBXContainerItemProxy;
			containerPortal = 472F287B25A7319500CE1481 /* Project object */;
			proxyType = 1;
			remoteGlobalIDString = 472F288225A7319500CE1481;
			remoteInfo = Skillbox_diploma_step1;
		};
/* End PBXContainerItemProxy section */

/* Begin PBXFileReference section */
		4715214F25F3A8E600FE585C /* Screen2TableVCDate.swift */ = {isa = PBXFileReference; lastKnownFileType = sourcecode.swift; path = Screen2TableVCDate.swift; sourceTree = "<group>"; };
		4715819225B6FE310047C5D0 /* Screen2TableVCHeader.swift */ = {isa = PBXFileReference; lastKnownFileType = sourcecode.swift; path = Screen2TableVCHeader.swift; sourceTree = "<group>"; };
		4729DC3F263DA3AB00CA8B66 /* VCScreen1ContainerGraph.swift */ = {isa = PBXFileReference; lastKnownFileType = sourcecode.swift; path = VCScreen1ContainerGraph.swift; sourceTree = "<group>"; };
		472F288325A7319500CE1481 /* SkillboxDiplomaStep1.app */ = {isa = PBXFileReference; explicitFileType = wrapper.application; includeInIndex = 0; path = SkillboxDiplomaStep1.app; sourceTree = BUILT_PRODUCTS_DIR; };
		472F288625A7319500CE1481 /* AppDelegate.swift */ = {isa = PBXFileReference; lastKnownFileType = sourcecode.swift; path = AppDelegate.swift; sourceTree = "<group>"; };
		472F288825A7319500CE1481 /* SceneDelegate.swift */ = {isa = PBXFileReference; lastKnownFileType = sourcecode.swift; path = SceneDelegate.swift; sourceTree = "<group>"; };
		472F288A25A7319500CE1481 /* VCScreen1.swift */ = {isa = PBXFileReference; lastKnownFileType = sourcecode.swift; path = VCScreen1.swift; sourceTree = "<group>"; };
		472F288D25A7319500CE1481 /* Base */ = {isa = PBXFileReference; lastKnownFileType = file.storyboard; name = Base; path = Base.lproj/Main.storyboard; sourceTree = "<group>"; };
		472F288F25A7319500CE1481 /* Assets.xcassets */ = {isa = PBXFileReference; lastKnownFileType = folder.assetcatalog; path = Assets.xcassets; sourceTree = "<group>"; };
		472F289225A7319500CE1481 /* Base */ = {isa = PBXFileReference; lastKnownFileType = file.storyboard; name = Base; path = Base.lproj/LaunchScreen.storyboard; sourceTree = "<group>"; };
		472F289425A7319500CE1481 /* Info.plist */ = {isa = PBXFileReference; lastKnownFileType = text.plist.xml; path = Info.plist; sourceTree = "<group>"; };
		472F289925A7319600CE1481 /* SkillboxDiplomaStep1Tests.xctest */ = {isa = PBXFileReference; explicitFileType = wrapper.cfbundle; includeInIndex = 0; path = SkillboxDiplomaStep1Tests.xctest; sourceTree = BUILT_PRODUCTS_DIR; };
		472F289D25A7319600CE1481 /* Skillbox_diploma_step1Tests.swift */ = {isa = PBXFileReference; lastKnownFileType = sourcecode.swift; path = Skillbox_diploma_step1Tests.swift; sourceTree = "<group>"; };
		472F289F25A7319600CE1481 /* Info.plist */ = {isa = PBXFileReference; lastKnownFileType = text.plist.xml; path = Info.plist; sourceTree = "<group>"; };
		472F28A425A7319600CE1481 /* SkillboxDiplomaStep1UITests.xctest */ = {isa = PBXFileReference; explicitFileType = wrapper.cfbundle; includeInIndex = 0; path = SkillboxDiplomaStep1UITests.xctest; sourceTree = BUILT_PRODUCTS_DIR; };
		472F28A825A7319600CE1481 /* Skillbox_diploma_step1UITests.swift */ = {isa = PBXFileReference; lastKnownFileType = sourcecode.swift; path = Skillbox_diploma_step1UITests.swift; sourceTree = "<group>"; };
		472F28AA25A7319600CE1481 /* Info.plist */ = {isa = PBXFileReference; lastKnownFileType = text.plist.xml; path = Info.plist; sourceTree = "<group>"; };
		4750EFE625BC2C5C00167A92 /* Screen2ContainerTableVCellHeader.swift */ = {isa = PBXFileReference; lastKnownFileType = sourcecode.swift; path = Screen2ContainerTableVCellHeader.swift; sourceTree = "<group>"; };
		4750EFEB25BC2C7F00167A92 /* Screen2ContainerTableVCChangeCategory.swift */ = {isa = PBXFileReference; lastKnownFileType = sourcecode.swift; path = Screen2ContainerTableVCChangeCategory.swift; sourceTree = "<group>"; };
		475D711926509A0F009D917A /* GraphView.swift */ = {isa = PBXFileReference; lastKnownFileType = sourcecode.swift; path = GraphView.swift; sourceTree = "<group>"; };
		47621F9725B644BF0095A52F /* Screen2TableVCNote.swift */ = {isa = PBXFileReference; lastKnownFileType = sourcecode.swift; path = Screen2TableVCNote.swift; sourceTree = "<group>"; };
		4771587B262AB31E00F27D4B /* VCScreen1ContainerOperation.swift */ = {isa = PBXFileReference; lastKnownFileType = sourcecode.swift; path = VCScreen1ContainerOperation.swift; sourceTree = "<group>"; };
		47AC1A9425C09AC9006E7817 /* Persistence.swift */ = {isa = PBXFileReference; lastKnownFileType = sourcecode.swift; name = Persistence.swift; path = SkillboxDiplomaStep1/Persistence.swift; sourceTree = SOURCE_ROOT; };
		47AC1AA525C0AE45006E7817 /* Screen1TableVCHeader.swift */ = {isa = PBXFileReference; lastKnownFileType = sourcecode.swift; name = Screen1TableVCHeader.swift; path = SkillboxDiplomaStep1/Screen1/Screen1TableVCHeader.swift; sourceTree = SOURCE_ROOT; };
		47AC1AB525C0B7CB006E7817 /* Screen1TableVCOperation.swift */ = {isa = PBXFileReference; lastKnownFileType = sourcecode.swift; path = Screen1TableVCOperation.swift; sourceTree = "<group>"; };
		47B80F772667CA9500032678 /* Screen1RoundedGraph.swift */ = {isa = PBXFileReference; lastKnownFileType = sourcecode.swift; path = Screen1RoundedGraph.swift; sourceTree = "<group>"; };
		47BEBB42262F91D1006FF254 /* Screen2ContainerTableVCNewCategory.swift */ = {isa = PBXFileReference; lastKnownFileType = sourcecode.swift; path = Screen2ContainerTableVCNewCategory.swift; sourceTree = "<group>"; };
		47C4FF3425B38B0F00F97498 /* VCScreen2.swift */ = {isa = PBXFileReference; lastKnownFileType = sourcecode.swift; path = VCScreen2.swift; sourceTree = "<group>"; };
		47CB73C225B4364700638185 /* Screen2TableVCCategory.swift */ = {isa = PBXFileReference; lastKnownFileType = sourcecode.swift; path = Screen2TableVCCategory.swift; sourceTree = "<group>"; };
		47F1759825BA2D320044BD30 /* VCScreen2Container.swift */ = {isa = PBXFileReference; lastKnownFileType = sourcecode.swift; path = VCScreen2Container.swift; sourceTree = "<group>"; };
/* End PBXFileReference section */

/* Begin PBXFrameworksBuildPhase section */
		472F288025A7319500CE1481 /* Frameworks */ = {
			isa = PBXFrameworksBuildPhase;
			buildActionMask = 2147483647;
			files = (
			);
			runOnlyForDeploymentPostprocessing = 0;
		};
		472F289625A7319600CE1481 /* Frameworks */ = {
			isa = PBXFrameworksBuildPhase;
			buildActionMask = 2147483647;
			files = (
			);
			runOnlyForDeploymentPostprocessing = 0;
		};
		472F28A125A7319600CE1481 /* Frameworks */ = {
			isa = PBXFrameworksBuildPhase;
			buildActionMask = 2147483647;
			files = (
			);
			runOnlyForDeploymentPostprocessing = 0;
		};
/* End PBXFrameworksBuildPhase section */

/* Begin PBXGroup section */
		472F287A25A7319500CE1481 = {
			isa = PBXGroup;
			children = (
				472F288525A7319500CE1481 /* SkillboxDiplomaStep1 */,
				472F289C25A7319600CE1481 /* SkillboxDiplomaStep1Tests */,
				472F28A725A7319600CE1481 /* SkillboxDiplomaStep1UITests */,
				472F288425A7319500CE1481 /* Products */,
			);
			sourceTree = "<group>";
		};
		472F288425A7319500CE1481 /* Products */ = {
			isa = PBXGroup;
			children = (
				472F288325A7319500CE1481 /* SkillboxDiplomaStep1.app */,
				472F289925A7319600CE1481 /* SkillboxDiplomaStep1Tests.xctest */,
				472F28A425A7319600CE1481 /* SkillboxDiplomaStep1UITests.xctest */,
			);
			name = Products;
			sourceTree = "<group>";
		};
		472F288525A7319500CE1481 /* SkillboxDiplomaStep1 */ = {
			isa = PBXGroup;
			children = (
				472F288625A7319500CE1481 /* AppDelegate.swift */,
				472F288825A7319500CE1481 /* SceneDelegate.swift */,
				47AC1A9425C09AC9006E7817 /* Persistence.swift */,
				47621F8C25B643C20095A52F /* Screen1 */,
				4771587A262AB2E000F27D4B /* Screen1Container */,
				47621F9025B643D80095A52F /* Screen2 */,
				4750EFDA25BC24AF00167A92 /* Screen2Container */,
				472F288C25A7319500CE1481 /* Main.storyboard */,
				472F288F25A7319500CE1481 /* Assets.xcassets */,
				472F289125A7319500CE1481 /* LaunchScreen.storyboard */,
				472F289425A7319500CE1481 /* Info.plist */,
			);
			path = SkillboxDiplomaStep1;
			sourceTree = "<group>";
		};
		472F289C25A7319600CE1481 /* SkillboxDiplomaStep1Tests */ = {
			isa = PBXGroup;
			children = (
				472F289D25A7319600CE1481 /* Skillbox_diploma_step1Tests.swift */,
				472F289F25A7319600CE1481 /* Info.plist */,
			);
			path = SkillboxDiplomaStep1Tests;
			sourceTree = "<group>";
		};
		472F28A725A7319600CE1481 /* SkillboxDiplomaStep1UITests */ = {
			isa = PBXGroup;
			children = (
				472F28A825A7319600CE1481 /* Skillbox_diploma_step1UITests.swift */,
				472F28AA25A7319600CE1481 /* Info.plist */,
			);
			path = SkillboxDiplomaStep1UITests;
			sourceTree = "<group>";
		};
		4750EFDA25BC24AF00167A92 /* Screen2Container */ = {
			isa = PBXGroup;
			children = (
				47F1759825BA2D320044BD30 /* VCScreen2Container.swift */,
				4750EFE625BC2C5C00167A92 /* Screen2ContainerTableVCellHeader.swift */,
				4750EFEB25BC2C7F00167A92 /* Screen2ContainerTableVCChangeCategory.swift */,
				47BEBB42262F91D1006FF254 /* Screen2ContainerTableVCNewCategory.swift */,
			);
			path = Screen2Container;
			sourceTree = "<group>";
		};
		47621F8C25B643C20095A52F /* Screen1 */ = {
			isa = PBXGroup;
			children = (
				472F288A25A7319500CE1481 /* VCScreen1.swift */,
				47AC1AA525C0AE45006E7817 /* Screen1TableVCHeader.swift */,
				47AC1AB525C0B7CB006E7817 /* Screen1TableVCOperation.swift */,
				47B80F772667CA9500032678 /* Screen1RoundedGraph.swift */,
			);
			path = Screen1;
			sourceTree = "<group>";
		};
		47621F9025B643D80095A52F /* Screen2 */ = {
			isa = PBXGroup;
			children = (
				47C4FF3425B38B0F00F97498 /* VCScreen2.swift */,
				4715819225B6FE310047C5D0 /* Screen2TableVCHeader.swift */,
				47CB73C225B4364700638185 /* Screen2TableVCCategory.swift */,
				4715214F25F3A8E600FE585C /* Screen2TableVCDate.swift */,
				47621F9725B644BF0095A52F /* Screen2TableVCNote.swift */,
			);
			path = Screen2;
			sourceTree = "<group>";
		};
		4771587A262AB2E000F27D4B /* Screen1Container */ = {
			isa = PBXGroup;
			children = (
				4771587B262AB31E00F27D4B /* VCScreen1ContainerOperation.swift */,
				4729DC3F263DA3AB00CA8B66 /* VCScreen1ContainerGraph.swift */,
				475D711926509A0F009D917A /* GraphView.swift */,
			);
			path = Screen1Container;
			sourceTree = "<group>";
		};
/* End PBXGroup section */

/* Begin PBXNativeTarget section */
		472F288225A7319500CE1481 /* SkillboxDiplomaStep1 */ = {
			isa = PBXNativeTarget;
			buildConfigurationList = 472F28AD25A7319600CE1481 /* Build configuration list for PBXNativeTarget "SkillboxDiplomaStep1" */;
			buildPhases = (
				4736308E27B692B3002D1426 /* ShellScript */,
				472F287F25A7319500CE1481 /* Sources */,
				472F288025A7319500CE1481 /* Frameworks */,
				472F288125A7319500CE1481 /* Resources */,
			);
			buildRules = (
			);
			dependencies = (
			);
			name = SkillboxDiplomaStep1;
			packageProductDependencies = (
			);
			productName = Skillbox_diploma_step1;
			productReference = 472F288325A7319500CE1481 /* SkillboxDiplomaStep1.app */;
			productType = "com.apple.product-type.application";
		};
		472F289825A7319600CE1481 /* SkillboxDiplomaStep1Tests */ = {
			isa = PBXNativeTarget;
			buildConfigurationList = 472F28B025A7319600CE1481 /* Build configuration list for PBXNativeTarget "SkillboxDiplomaStep1Tests" */;
			buildPhases = (
				472F289525A7319600CE1481 /* Sources */,
				472F289625A7319600CE1481 /* Frameworks */,
				472F289725A7319600CE1481 /* Resources */,
			);
			buildRules = (
			);
			dependencies = (
				472F289B25A7319600CE1481 /* PBXTargetDependency */,
			);
			name = SkillboxDiplomaStep1Tests;
			productName = Skillbox_diploma_step1Tests;
			productReference = 472F289925A7319600CE1481 /* SkillboxDiplomaStep1Tests.xctest */;
			productType = "com.apple.product-type.bundle.unit-test";
		};
		472F28A325A7319600CE1481 /* SkillboxDiplomaStep1UITests */ = {
			isa = PBXNativeTarget;
			buildConfigurationList = 472F28B325A7319600CE1481 /* Build configuration list for PBXNativeTarget "SkillboxDiplomaStep1UITests" */;
			buildPhases = (
				472F28A025A7319600CE1481 /* Sources */,
				472F28A125A7319600CE1481 /* Frameworks */,
				472F28A225A7319600CE1481 /* Resources */,
			);
			buildRules = (
			);
			dependencies = (
				472F28A625A7319600CE1481 /* PBXTargetDependency */,
			);
			name = SkillboxDiplomaStep1UITests;
			productName = Skillbox_diploma_step1UITests;
			productReference = 472F28A425A7319600CE1481 /* SkillboxDiplomaStep1UITests.xctest */;
			productType = "com.apple.product-type.bundle.ui-testing";
		};
/* End PBXNativeTarget section */

/* Begin PBXProject section */
		472F287B25A7319500CE1481 /* Project object */ = {
			isa = PBXProject;
			attributes = {
				LastSwiftUpdateCheck = 1230;
				LastUpgradeCheck = 1230;
				TargetAttributes = {
					472F288225A7319500CE1481 = {
						CreatedOnToolsVersion = 12.3;
					};
					472F289825A7319600CE1481 = {
						CreatedOnToolsVersion = 12.3;
						TestTargetID = 472F288225A7319500CE1481;
					};
					472F28A325A7319600CE1481 = {
						CreatedOnToolsVersion = 12.3;
						TestTargetID = 472F288225A7319500CE1481;
					};
				};
			};
			buildConfigurationList = 472F287E25A7319500CE1481 /* Build configuration list for PBXProject "SkillboxDiplomaStep1" */;
			compatibilityVersion = "Xcode 9.3";
			developmentRegion = en;
			hasScannedForEncodings = 0;
			knownRegions = (
				en,
				Base,
			);
			mainGroup = 472F287A25A7319500CE1481;
			packageReferences = (
				4720FE0927FC8E8D008558B2 /* XCRemoteSwiftPackageReference "realm-swift" */,
				4720FE0A27FC8FC4008558B2 /* XCRemoteSwiftPackageReference "SimpleCheckbox" */,
			);
			productRefGroup = 472F288425A7319500CE1481 /* Products */;
			projectDirPath = "";
			projectRoot = "";
			targets = (
				472F288225A7319500CE1481 /* SkillboxDiplomaStep1 */,
				472F289825A7319600CE1481 /* SkillboxDiplomaStep1Tests */,
				472F28A325A7319600CE1481 /* SkillboxDiplomaStep1UITests */,
			);
		};
/* End PBXProject section */

/* Begin PBXResourcesBuildPhase section */
		472F288125A7319500CE1481 /* Resources */ = {
			isa = PBXResourcesBuildPhase;
			buildActionMask = 2147483647;
			files = (
				472F289325A7319500CE1481 /* LaunchScreen.storyboard in Resources */,
				472F289025A7319500CE1481 /* Assets.xcassets in Resources */,
				472F288E25A7319500CE1481 /* Main.storyboard in Resources */,
			);
			runOnlyForDeploymentPostprocessing = 0;
		};
		472F289725A7319600CE1481 /* Resources */ = {
			isa = PBXResourcesBuildPhase;
			buildActionMask = 2147483647;
			files = (
			);
			runOnlyForDeploymentPostprocessing = 0;
		};
		472F28A225A7319600CE1481 /* Resources */ = {
			isa = PBXResourcesBuildPhase;
			buildActionMask = 2147483647;
			files = (
			);
			runOnlyForDeploymentPostprocessing = 0;
		};
/* End PBXResourcesBuildPhase section */

/* Begin PBXShellScriptBuildPhase section */
		4736308E27B692B3002D1426 /* ShellScript */ = {
			isa = PBXShellScriptBuildPhase;
			buildActionMask = 12;
			files = (
			);
			inputFileListPaths = (
			);
			inputPaths = (
			);
			outputFileListPaths = (
			);
			outputPaths = (
			);
			runOnlyForDeploymentPostprocessing = 0;
			shellPath = /bin/sh;
			shellScript = "PATH=/opt/homebrew/bin:$PATH\nif [ -f ~/com.raywenderlich.swiftlint.yml ]; then\n  if which swiftlint >/dev/null; then\n    swiftlint --no-cache --config ~/com.raywenderlich.swiftlint.yml\n  fi\nfi\n";
		};
/* End PBXShellScriptBuildPhase section */

/* Begin PBXSourcesBuildPhase section */
		472F287F25A7319500CE1481 /* Sources */ = {
			isa = PBXSourcesBuildPhase;
			buildActionMask = 2147483647;
			files = (
				4715215025F3A8E600FE585C /* Screen2TableVCDate.swift in Sources */,
				47AC1AB625C0B7CB006E7817 /* Screen1TableVCOperation.swift in Sources */,
				47AC1A9525C09AC9006E7817 /* Persistence.swift in Sources */,
				4750EFEC25BC2C7F00167A92 /* Screen2ContainerTableVCChangeCategory.swift in Sources */,
				4715819325B6FE310047C5D0 /* Screen2TableVCHeader.swift in Sources */,
				472F288B25A7319500CE1481 /* VCScreen1.swift in Sources */,
				47AC1AA625C0AE45006E7817 /* Screen1TableVCHeader.swift in Sources */,
				472F288725A7319500CE1481 /* AppDelegate.swift in Sources */,
				4729DC40263DA3AB00CA8B66 /* VCScreen1ContainerGraph.swift in Sources */,
				4771587C262AB31E00F27D4B /* VCScreen1ContainerOperation.swift in Sources */,
				47BEBB43262F91D1006FF254 /* Screen2ContainerTableVCNewCategory.swift in Sources */,
				47B80F782667CA9500032678 /* Screen1RoundedGraph.swift in Sources */,
				475D711A26509A0F009D917A /* GraphView.swift in Sources */,
				47F1759925BA2D320044BD30 /* VCScreen2Container.swift in Sources */,
				47CB73C325B4364700638185 /* Screen2TableVCCategory.swift in Sources */,
				47621F9825B644BF0095A52F /* Screen2TableVCNote.swift in Sources */,
				4750EFE725BC2C5C00167A92 /* Screen2ContainerTableVCellHeader.swift in Sources */,
				472F288925A7319500CE1481 /* SceneDelegate.swift in Sources */,
				47C4FF3525B38B0F00F97498 /* VCScreen2.swift in Sources */,
			);
			runOnlyForDeploymentPostprocessing = 0;
		};
		472F289525A7319600CE1481 /* Sources */ = {
			isa = PBXSourcesBuildPhase;
			buildActionMask = 2147483647;
			files = (
				472F289E25A7319600CE1481 /* Skillbox_diploma_step1Tests.swift in Sources */,
			);
			runOnlyForDeploymentPostprocessing = 0;
		};
		472F28A025A7319600CE1481 /* Sources */ = {
			isa = PBXSourcesBuildPhase;
			buildActionMask = 2147483647;
			files = (
				472F28A925A7319600CE1481 /* Skillbox_diploma_step1UITests.swift in Sources */,
			);
			runOnlyForDeploymentPostprocessing = 0;
		};
/* End PBXSourcesBuildPhase section */

/* Begin PBXTargetDependency section */
		472F289B25A7319600CE1481 /* PBXTargetDependency */ = {
			isa = PBXTargetDependency;
			target = 472F288225A7319500CE1481 /* SkillboxDiplomaStep1 */;
			targetProxy = 472F289A25A7319600CE1481 /* PBXContainerItemProxy */;
		};
		472F28A625A7319600CE1481 /* PBXTargetDependency */ = {
			isa = PBXTargetDependency;
			target = 472F288225A7319500CE1481 /* SkillboxDiplomaStep1 */;
			targetProxy = 472F28A525A7319600CE1481 /* PBXContainerItemProxy */;
		};
/* End PBXTargetDependency section */

/* Begin PBXVariantGroup section */
		472F288C25A7319500CE1481 /* Main.storyboard */ = {
			isa = PBXVariantGroup;
			children = (
				472F288D25A7319500CE1481 /* Base */,
			);
			name = Main.storyboard;
			sourceTree = "<group>";
		};
		472F289125A7319500CE1481 /* LaunchScreen.storyboard */ = {
			isa = PBXVariantGroup;
			children = (
				472F289225A7319500CE1481 /* Base */,
			);
			name = LaunchScreen.storyboard;
			sourceTree = "<group>";
		};
/* End PBXVariantGroup section */

/* Begin XCBuildConfiguration section */
		472F28AB25A7319600CE1481 /* Debug */ = {
			isa = XCBuildConfiguration;
			buildSettings = {
				ALWAYS_SEARCH_USER_PATHS = NO;
				CLANG_ANALYZER_NONNULL = YES;
				CLANG_ANALYZER_NUMBER_OBJECT_CONVERSION = YES_AGGRESSIVE;
				CLANG_CXX_LANGUAGE_STANDARD = "gnu++14";
				CLANG_CXX_LIBRARY = "libc++";
				CLANG_ENABLE_MODULES = YES;
				CLANG_ENABLE_OBJC_ARC = YES;
				CLANG_ENABLE_OBJC_WEAK = YES;
				CLANG_WARN_BLOCK_CAPTURE_AUTORELEASING = YES;
				CLANG_WARN_BOOL_CONVERSION = YES;
				CLANG_WARN_COMMA = YES;
				CLANG_WARN_CONSTANT_CONVERSION = YES;
				CLANG_WARN_DEPRECATED_OBJC_IMPLEMENTATIONS = YES;
				CLANG_WARN_DIRECT_OBJC_ISA_USAGE = YES_ERROR;
				CLANG_WARN_DOCUMENTATION_COMMENTS = YES;
				CLANG_WARN_EMPTY_BODY = YES;
				CLANG_WARN_ENUM_CONVERSION = YES;
				CLANG_WARN_INFINITE_RECURSION = YES;
				CLANG_WARN_INT_CONVERSION = YES;
				CLANG_WARN_NON_LITERAL_NULL_CONVERSION = YES;
				CLANG_WARN_OBJC_IMPLICIT_RETAIN_SELF = YES;
				CLANG_WARN_OBJC_LITERAL_CONVERSION = YES;
				CLANG_WARN_OBJC_ROOT_CLASS = YES_ERROR;
				CLANG_WARN_QUOTED_INCLUDE_IN_FRAMEWORK_HEADER = YES;
				CLANG_WARN_RANGE_LOOP_ANALYSIS = YES;
				CLANG_WARN_STRICT_PROTOTYPES = YES;
				CLANG_WARN_SUSPICIOUS_MOVE = YES;
				CLANG_WARN_UNGUARDED_AVAILABILITY = YES_AGGRESSIVE;
				CLANG_WARN_UNREACHABLE_CODE = YES;
				CLANG_WARN__DUPLICATE_METHOD_MATCH = YES;
				COPY_PHASE_STRIP = NO;
				DEBUG_INFORMATION_FORMAT = dwarf;
				ENABLE_STRICT_OBJC_MSGSEND = YES;
				ENABLE_TESTABILITY = YES;
				GCC_C_LANGUAGE_STANDARD = gnu11;
				GCC_DYNAMIC_NO_PIC = NO;
				GCC_NO_COMMON_BLOCKS = YES;
				GCC_OPTIMIZATION_LEVEL = 0;
				GCC_PREPROCESSOR_DEFINITIONS = (
					"DEBUG=1",
					"$(inherited)",
				);
				GCC_WARN_64_TO_32_BIT_CONVERSION = YES;
				GCC_WARN_ABOUT_RETURN_TYPE = YES_ERROR;
				GCC_WARN_UNDECLARED_SELECTOR = YES;
				GCC_WARN_UNINITIALIZED_AUTOS = YES_AGGRESSIVE;
				GCC_WARN_UNUSED_FUNCTION = YES;
				GCC_WARN_UNUSED_VARIABLE = YES;
				IPHONEOS_DEPLOYMENT_TARGET = 14.3;
				MTL_ENABLE_DEBUG_INFO = INCLUDE_SOURCE;
				MTL_FAST_MATH = YES;
				ONLY_ACTIVE_ARCH = YES;
				SDKROOT = iphoneos;
				SWIFT_ACTIVE_COMPILATION_CONDITIONS = DEBUG;
				SWIFT_OPTIMIZATION_LEVEL = "-Onone";
			};
			name = Debug;
		};
		472F28AC25A7319600CE1481 /* Release */ = {
			isa = XCBuildConfiguration;
			buildSettings = {
				ALWAYS_SEARCH_USER_PATHS = NO;
				CLANG_ANALYZER_NONNULL = YES;
				CLANG_ANALYZER_NUMBER_OBJECT_CONVERSION = YES_AGGRESSIVE;
				CLANG_CXX_LANGUAGE_STANDARD = "gnu++14";
				CLANG_CXX_LIBRARY = "libc++";
				CLANG_ENABLE_MODULES = YES;
				CLANG_ENABLE_OBJC_ARC = YES;
				CLANG_ENABLE_OBJC_WEAK = YES;
				CLANG_WARN_BLOCK_CAPTURE_AUTORELEASING = YES;
				CLANG_WARN_BOOL_CONVERSION = YES;
				CLANG_WARN_COMMA = YES;
				CLANG_WARN_CONSTANT_CONVERSION = YES;
				CLANG_WARN_DEPRECATED_OBJC_IMPLEMENTATIONS = YES;
				CLANG_WARN_DIRECT_OBJC_ISA_USAGE = YES_ERROR;
				CLANG_WARN_DOCUMENTATION_COMMENTS = YES;
				CLANG_WARN_EMPTY_BODY = YES;
				CLANG_WARN_ENUM_CONVERSION = YES;
				CLANG_WARN_INFINITE_RECURSION = YES;
				CLANG_WARN_INT_CONVERSION = YES;
				CLANG_WARN_NON_LITERAL_NULL_CONVERSION = YES;
				CLANG_WARN_OBJC_IMPLICIT_RETAIN_SELF = YES;
				CLANG_WARN_OBJC_LITERAL_CONVERSION = YES;
				CLANG_WARN_OBJC_ROOT_CLASS = YES_ERROR;
				CLANG_WARN_QUOTED_INCLUDE_IN_FRAMEWORK_HEADER = YES;
				CLANG_WARN_RANGE_LOOP_ANALYSIS = YES;
				CLANG_WARN_STRICT_PROTOTYPES = YES;
				CLANG_WARN_SUSPICIOUS_MOVE = YES;
				CLANG_WARN_UNGUARDED_AVAILABILITY = YES_AGGRESSIVE;
				CLANG_WARN_UNREACHABLE_CODE = YES;
				CLANG_WARN__DUPLICATE_METHOD_MATCH = YES;
				COPY_PHASE_STRIP = NO;
				DEBUG_INFORMATION_FORMAT = "dwarf-with-dsym";
				ENABLE_NS_ASSERTIONS = NO;
				ENABLE_STRICT_OBJC_MSGSEND = YES;
				GCC_C_LANGUAGE_STANDARD = gnu11;
				GCC_NO_COMMON_BLOCKS = YES;
				GCC_WARN_64_TO_32_BIT_CONVERSION = YES;
				GCC_WARN_ABOUT_RETURN_TYPE = YES_ERROR;
				GCC_WARN_UNDECLARED_SELECTOR = YES;
				GCC_WARN_UNINITIALIZED_AUTOS = YES_AGGRESSIVE;
				GCC_WARN_UNUSED_FUNCTION = YES;
				GCC_WARN_UNUSED_VARIABLE = YES;
				IPHONEOS_DEPLOYMENT_TARGET = 14.3;
				MTL_ENABLE_DEBUG_INFO = NO;
				MTL_FAST_MATH = YES;
				SDKROOT = iphoneos;
				SWIFT_COMPILATION_MODE = wholemodule;
				SWIFT_OPTIMIZATION_LEVEL = "-O";
				VALIDATE_PRODUCT = YES;
			};
			name = Release;
		};
		472F28AE25A7319600CE1481 /* Debug */ = {
			isa = XCBuildConfiguration;
			buildSettings = {
				ASSETCATALOG_COMPILER_APPICON_NAME = AppIcon;
				ASSETCATALOG_COMPILER_GLOBAL_ACCENT_COLOR_NAME = AccentColor;
				CODE_SIGN_STYLE = Automatic;
				DEVELOPMENT_TEAM = 6VWFU6AND8;
				INFOPLIST_FILE = SkillboxDiplomaStep1/Info.plist;
				LD_RUNPATH_SEARCH_PATHS = (
					"$(inherited)",
					"@executable_path/Frameworks",
				);
				PRODUCT_BUNDLE_IDENTIFIER = "roman.sundurov.work.Skillbox-diploma-step1";
				PRODUCT_NAME = "$(TARGET_NAME)";
				SWIFT_VERSION = 5.0;
				TARGETED_DEVICE_FAMILY = "1,2";
			};
			name = Debug;
		};
		472F28AF25A7319600CE1481 /* Release */ = {
			isa = XCBuildConfiguration;
			buildSettings = {
				ASSETCATALOG_COMPILER_APPICON_NAME = AppIcon;
				ASSETCATALOG_COMPILER_GLOBAL_ACCENT_COLOR_NAME = AccentColor;
				CODE_SIGN_STYLE = Automatic;
				DEVELOPMENT_TEAM = 6VWFU6AND8;
				INFOPLIST_FILE = SkillboxDiplomaStep1/Info.plist;
				LD_RUNPATH_SEARCH_PATHS = (
					"$(inherited)",
					"@executable_path/Frameworks",
				);
				PRODUCT_BUNDLE_IDENTIFIER = "roman.sundurov.work.Skillbox-diploma-step1";
				PRODUCT_NAME = "$(TARGET_NAME)";
				SWIFT_VERSION = 5.0;
				TARGETED_DEVICE_FAMILY = "1,2";
			};
			name = Release;
		};
		472F28B125A7319600CE1481 /* Debug */ = {
			isa = XCBuildConfiguration;
			buildSettings = {
				ALWAYS_EMBED_SWIFT_STANDARD_LIBRARIES = YES;
				BUNDLE_LOADER = "$(TEST_HOST)";
				CODE_SIGN_STYLE = Automatic;
				DEVELOPMENT_TEAM = 6VWFU6AND8;
				INFOPLIST_FILE = SkillboxDiplomaStep1Tests/Info.plist;
				IPHONEOS_DEPLOYMENT_TARGET = 14.3;
				LD_RUNPATH_SEARCH_PATHS = (
					"$(inherited)",
					"@executable_path/Frameworks",
					"@loader_path/Frameworks",
				);
				PRODUCT_BUNDLE_IDENTIFIER = "roman.sundurov.work.Skillbox-diploma-step1Tests";
				PRODUCT_NAME = "$(TARGET_NAME)";
				SWIFT_VERSION = 5.0;
				TARGETED_DEVICE_FAMILY = "1,2";
				TEST_HOST = "$(BUILT_PRODUCTS_DIR)/SkillboxDiplomaStep1.app/SkillboxDiplomaStep1";
			};
			name = Debug;
		};
		472F28B225A7319600CE1481 /* Release */ = {
			isa = XCBuildConfiguration;
			buildSettings = {
				ALWAYS_EMBED_SWIFT_STANDARD_LIBRARIES = YES;
				BUNDLE_LOADER = "$(TEST_HOST)";
				CODE_SIGN_STYLE = Automatic;
				DEVELOPMENT_TEAM = 6VWFU6AND8;
				INFOPLIST_FILE = SkillboxDiplomaStep1Tests/Info.plist;
				IPHONEOS_DEPLOYMENT_TARGET = 14.3;
				LD_RUNPATH_SEARCH_PATHS = (
					"$(inherited)",
					"@executable_path/Frameworks",
					"@loader_path/Frameworks",
				);
				PRODUCT_BUNDLE_IDENTIFIER = "roman.sundurov.work.Skillbox-diploma-step1Tests";
				PRODUCT_NAME = "$(TARGET_NAME)";
				SWIFT_VERSION = 5.0;
				TARGETED_DEVICE_FAMILY = "1,2";
				TEST_HOST = "$(BUILT_PRODUCTS_DIR)/SkillboxDiplomaStep1.app/SkillboxDiplomaStep1";
			};
			name = Release;
		};
		472F28B425A7319600CE1481 /* Debug */ = {
			isa = XCBuildConfiguration;
			buildSettings = {
				ALWAYS_EMBED_SWIFT_STANDARD_LIBRARIES = YES;
				CODE_SIGN_STYLE = Automatic;
				DEVELOPMENT_TEAM = 6VWFU6AND8;
				INFOPLIST_FILE = SkillboxDiplomaStep1UITests/Info.plist;
				LD_RUNPATH_SEARCH_PATHS = (
					"$(inherited)",
					"@executable_path/Frameworks",
					"@loader_path/Frameworks",
				);
				PRODUCT_BUNDLE_IDENTIFIER = "roman.sundurov.work.Skillbox-diploma-step1UITests";
				PRODUCT_NAME = "$(TARGET_NAME)";
				SWIFT_VERSION = 5.0;
				TARGETED_DEVICE_FAMILY = "1,2";
				TEST_TARGET_NAME = SkillboxDiplomaStep1;
			};
			name = Debug;
		};
		472F28B525A7319600CE1481 /* Release */ = {
			isa = XCBuildConfiguration;
			buildSettings = {
				ALWAYS_EMBED_SWIFT_STANDARD_LIBRARIES = YES;
				CODE_SIGN_STYLE = Automatic;
				DEVELOPMENT_TEAM = 6VWFU6AND8;
				INFOPLIST_FILE = SkillboxDiplomaStep1UITests/Info.plist;
				LD_RUNPATH_SEARCH_PATHS = (
					"$(inherited)",
					"@executable_path/Frameworks",
					"@loader_path/Frameworks",
				);
				PRODUCT_BUNDLE_IDENTIFIER = "roman.sundurov.work.Skillbox-diploma-step1UITests";
				PRODUCT_NAME = "$(TARGET_NAME)";
				SWIFT_VERSION = 5.0;
				TARGETED_DEVICE_FAMILY = "1,2";
				TEST_TARGET_NAME = SkillboxDiplomaStep1;
			};
			name = Release;
		};
/* End XCBuildConfiguration section */

/* Begin XCConfigurationList section */
		472F287E25A7319500CE1481 /* Build configuration list for PBXProject "SkillboxDiplomaStep1" */ = {
			isa = XCConfigurationList;
			buildConfigurations = (
				472F28AB25A7319600CE1481 /* Debug */,
				472F28AC25A7319600CE1481 /* Release */,
			);
			defaultConfigurationIsVisible = 0;
			defaultConfigurationName = Release;
		};
		472F28AD25A7319600CE1481 /* Build configuration list for PBXNativeTarget "SkillboxDiplomaStep1" */ = {
			isa = XCConfigurationList;
			buildConfigurations = (
				472F28AE25A7319600CE1481 /* Debug */,
				472F28AF25A7319600CE1481 /* Release */,
			);
			defaultConfigurationIsVisible = 0;
			defaultConfigurationName = Release;
		};
		472F28B025A7319600CE1481 /* Build configuration list for PBXNativeTarget "SkillboxDiplomaStep1Tests" */ = {
			isa = XCConfigurationList;
			buildConfigurations = (
				472F28B125A7319600CE1481 /* Debug */,
				472F28B225A7319600CE1481 /* Release */,
			);
			defaultConfigurationIsVisible = 0;
			defaultConfigurationName = Release;
		};
		472F28B325A7319600CE1481 /* Build configuration list for PBXNativeTarget "SkillboxDiplomaStep1UITests" */ = {
			isa = XCConfigurationList;
			buildConfigurations = (
				472F28B425A7319600CE1481 /* Debug */,
				472F28B525A7319600CE1481 /* Release */,
			);
			defaultConfigurationIsVisible = 0;
			defaultConfigurationName = Release;
		};
/* End XCConfigurationList section */

/* Begin XCRemoteSwiftPackageReference section */
		4720FE0927FC8E8D008558B2 /* XCRemoteSwiftPackageReference "realm-swift" */ = {
			isa = XCRemoteSwiftPackageReference;
			repositoryURL = "https://github.com/realm/realm-swift";
			requirement = {
				branch = master;
				kind = branch;
			};
		};
		4720FE0A27FC8FC4008558B2 /* XCRemoteSwiftPackageReference "SimpleCheckbox" */ = {
			isa = XCRemoteSwiftPackageReference;
			repositoryURL = "https://github.com/BeauNouvelle/SimpleCheckbox";
			requirement = {
				kind = upToNextMajorVersion;
				minimumVersion = 2.0.0;
			};
		};
/* End XCRemoteSwiftPackageReference section */
	};
	rootObject = 472F287B25A7319500CE1481 /* Project object */;
}
