PODS:
  - Realm (10.5.0):
    - Realm/Headers (= 10.5.0)
  - Realm/Headers (10.5.0)
  - RealmSwift (10.5.0):
    - Realm (= 10.5.0)

DEPENDENCIES:
  - RealmSwift

SPEC REPOS:
  https://github.com/CocoaPods/Specs.git:
    - Realm
    - RealmSwift

SPEC CHECKSUMS:
  Realm: e1c22c3d83b229afb70ebc10e1771c91e9542d12
  RealmSwift: 6fc078d9d3fd7e58c71bfdbb694e252462f112a5

PODFILE CHECKSUM: 02121b3107d84d52ff1d8831ec1ebb3e5c0100d3

COCOAPODS: 1.10.0
