// !$*UTF8*$!
{
	archiveVersion = 1;
	classes = {
	};
	objectVersion = 51;
	objects = {

/* Begin PBXBuildFile section */
		4715215025F3A8E600FE585C /* Screen2TableViewCellDate.swift in Sources */ = {isa = PBXBuildFile; fileRef = 4715214F25F3A8E600FE585C /* Screen2TableViewCellDate.swift */; };
		4715819325B6FE310047C5D0 /* Screen2TableViewCellHeader.swift in Sources */ = {isa = PBXBuildFile; fileRef = 4715819225B6FE310047C5D0 /* Screen2TableViewCellHeader.swift */; };
		4729DC40263DA3AB00CA8B66 /* ViewControllerScreen1ContainerGraph.swift in Sources */ = {isa = PBXBuildFile; fileRef = 4729DC3F263DA3AB00CA8B66 /* ViewControllerScreen1ContainerGraph.swift */; };
		472F288725A7319500CE1481 /* AppDelegate.swift in Sources */ = {isa = PBXBuildFile; fileRef = 472F288625A7319500CE1481 /* AppDelegate.swift */; };
		472F288925A7319500CE1481 /* SceneDelegate.swift in Sources */ = {isa = PBXBuildFile; fileRef = 472F288825A7319500CE1481 /* SceneDelegate.swift */; };
		472F288B25A7319500CE1481 /* ViewController.swift in Sources */ = {isa = PBXBuildFile; fileRef = 472F288A25A7319500CE1481 /* ViewController.swift */; };
		472F288E25A7319500CE1481 /* Main.storyboard in Resources */ = {isa = PBXBuildFile; fileRef = 472F288C25A7319500CE1481 /* Main.storyboard */; };
		472F289025A7319500CE1481 /* Assets.xcassets in Resources */ = {isa = PBXBuildFile; fileRef = 472F288F25A7319500CE1481 /* Assets.xcassets */; };
		472F289325A7319500CE1481 /* LaunchScreen.storyboard in Resources */ = {isa = PBXBuildFile; fileRef = 472F289125A7319500CE1481 /* LaunchScreen.storyboard */; };
		472F289E25A7319600CE1481 /* Skillbox_diploma_step1Tests.swift in Sources */ = {isa = PBXBuildFile; fileRef = 472F289D25A7319600CE1481 /* Skillbox_diploma_step1Tests.swift */; };
		472F28A925A7319600CE1481 /* Skillbox_diploma_step1UITests.swift in Sources */ = {isa = PBXBuildFile; fileRef = 472F28A825A7319600CE1481 /* Skillbox_diploma_step1UITests.swift */; };
		4750EFE725BC2C5C00167A92 /* Screen2Container_TableViewCellHeader.swift in Sources */ = {isa = PBXBuildFile; fileRef = 4750EFE625BC2C5C00167A92 /* Screen2Container_TableViewCellHeader.swift */; };
		4750EFEC25BC2C7F00167A92 /* Screen2Container_TableViewCellChangeCategory.swift in Sources */ = {isa = PBXBuildFile; fileRef = 4750EFEB25BC2C7F00167A92 /* Screen2Container_TableViewCellChangeCategory.swift */; };
		475D711A26509A0F009D917A /* GraphView.swift in Sources */ = {isa = PBXBuildFile; fileRef = 475D711926509A0F009D917A /* GraphView.swift */; };
		47621F9825B644BF0095A52F /* Screen2TableViewCellNote.swift in Sources */ = {isa = PBXBuildFile; fileRef = 47621F9725B644BF0095A52F /* Screen2TableViewCellNote.swift */; };
		4771587C262AB31E00F27D4B /* ViewControllerScreen1ContainerOperation.swift in Sources */ = {isa = PBXBuildFile; fileRef = 4771587B262AB31E00F27D4B /* ViewControllerScreen1ContainerOperation.swift */; };
		47AC1A9525C09AC9006E7817 /* Persistence.swift in Sources */ = {isa = PBXBuildFile; fileRef = 47AC1A9425C09AC9006E7817 /* Persistence.swift */; };
		47AC1AA625C0AE45006E7817 /* Screen1TableViewCellHeader.swift in Sources */ = {isa = PBXBuildFile; fileRef = 47AC1AA525C0AE45006E7817 /* Screen1TableViewCellHeader.swift */; };
		47AC1AB625C0B7CB006E7817 /* Screen1TableViewCellOperation.swift in Sources */ = {isa = PBXBuildFile; fileRef = 47AC1AB525C0B7CB006E7817 /* Screen1TableViewCellOperation.swift */; };
		47B80F782667CA9500032678 /* Screen1RoundedGraph.swift in Sources */ = {isa = PBXBuildFile; fileRef = 47B80F772667CA9500032678 /* Screen1RoundedGraph.swift */; };
		47BEBB43262F91D1006FF254 /* Screen2Container_TableViewCellNewCategory.swift in Sources */ = {isa = PBXBuildFile; fileRef = 47BEBB42262F91D1006FF254 /* Screen2Container_TableViewCellNewCategory.swift */; };
		47C4FF3525B38B0F00F97498 /* ViewControllerScreen2.swift in Sources */ = {isa = PBXBuildFile; fileRef = 47C4FF3425B38B0F00F97498 /* ViewControllerScreen2.swift */; };
		47CB73C325B4364700638185 /* Screen2TableViewCellCategory.swift in Sources */ = {isa = PBXBuildFile; fileRef = 47CB73C225B4364700638185 /* Screen2TableViewCellCategory.swift */; };
		47F1759925BA2D320044BD30 /* ViewControllerScreen2Container.swift in Sources */ = {isa = PBXBuildFile; fileRef = 47F1759825BA2D320044BD30 /* ViewControllerScreen2Container.swift */; };
		7972E4B272D3EB8FAF13901C /* Pods_Skillbox_diploma_step1.framework in Frameworks */ = {isa = PBXBuildFile; fileRef = 6C8AA274A4F485CEDDCAA2B7 /* Pods_Skillbox_diploma_step1.framework */; };
/* End PBXBuildFile section */

/* Begin PBXContainerItemProxy section */
		472F289A25A7319600CE1481 /* PBXContainerItemProxy */ = {
			isa = PBXContainerItemProxy;
			containerPortal = 472F287B25A7319500CE1481 /* Project object */;
			proxyType = 1;
			remoteGlobalIDString = 472F288225A7319500CE1481;
			remoteInfo = Skillbox_diploma_step1;
		};
		472F28A525A7319600CE1481 /* PBXContainerItemProxy */ = {
			isa = PBXContainerItemProxy;
			containerPortal = 472F287B25A7319500CE1481 /* Project object */;
			proxyType = 1;
			remoteGlobalIDString = 472F288225A7319500CE1481;
			remoteInfo = Skillbox_diploma_step1;
		};
/* End PBXContainerItemProxy section */

/* Begin PBXFileReference section */
		4715214F25F3A8E600FE585C /* Screen2TableViewCellDate.swift */ = {isa = PBXFileReference; lastKnownFileType = sourcecode.swift; path = Screen2TableViewCellDate.swift; sourceTree = "<group>"; };
		4715819225B6FE310047C5D0 /* Screen2TableViewCellHeader.swift */ = {isa = PBXFileReference; lastKnownFileType = sourcecode.swift; path = Screen2TableViewCellHeader.swift; sourceTree = "<group>"; };
		4729DC3F263DA3AB00CA8B66 /* ViewControllerScreen1ContainerGraph.swift */ = {isa = PBXFileReference; lastKnownFileType = sourcecode.swift; path = ViewControllerScreen1ContainerGraph.swift; sourceTree = "<group>"; };
		472F288325A7319500CE1481 /* Skillbox_diploma_step1.app */ = {isa = PBXFileReference; explicitFileType = wrapper.application; includeInIndex = 0; path = Skillbox_diploma_step1.app; sourceTree = BUILT_PRODUCTS_DIR; };
		472F288625A7319500CE1481 /* AppDelegate.swift */ = {isa = PBXFileReference; lastKnownFileType = sourcecode.swift; path = AppDelegate.swift; sourceTree = "<group>"; };
		472F288825A7319500CE1481 /* SceneDelegate.swift */ = {isa = PBXFileReference; lastKnownFileType = sourcecode.swift; path = SceneDelegate.swift; sourceTree = "<group>"; };
		472F288A25A7319500CE1481 /* ViewController.swift */ = {isa = PBXFileReference; lastKnownFileType = sourcecode.swift; path = ViewController.swift; sourceTree = "<group>"; };
		472F288D25A7319500CE1481 /* Base */ = {isa = PBXFileReference; lastKnownFileType = file.storyboard; name = Base; path = Base.lproj/Main.storyboard; sourceTree = "<group>"; };
		472F288F25A7319500CE1481 /* Assets.xcassets */ = {isa = PBXFileReference; lastKnownFileType = folder.assetcatalog; path = Assets.xcassets; sourceTree = "<group>"; };
		472F289225A7319500CE1481 /* Base */ = {isa = PBXFileReference; lastKnownFileType = file.storyboard; name = Base; path = Base.lproj/LaunchScreen.storyboard; sourceTree = "<group>"; };
		472F289425A7319500CE1481 /* Info.plist */ = {isa = PBXFileReference; lastKnownFileType = text.plist.xml; path = Info.plist; sourceTree = "<group>"; };
		472F289925A7319600CE1481 /* Skillbox_diploma_step1Tests.xctest */ = {isa = PBXFileReference; explicitFileType = wrapper.cfbundle; includeInIndex = 0; path = Skillbox_diploma_step1Tests.xctest; sourceTree = BUILT_PRODUCTS_DIR; };
		472F289D25A7319600CE1481 /* Skillbox_diploma_step1Tests.swift */ = {isa = PBXFileReference; lastKnownFileType = sourcecode.swift; path = Skillbox_diploma_step1Tests.swift; sourceTree = "<group>"; };
		472F289F25A7319600CE1481 /* Info.plist */ = {isa = PBXFileReference; lastKnownFileType = text.plist.xml; path = Info.plist; sourceTree = "<group>"; };
		472F28A425A7319600CE1481 /* Skillbox_diploma_step1UITests.xctest */ = {isa = PBXFileReference; explicitFileType = wrapper.cfbundle; includeInIndex = 0; path = Skillbox_diploma_step1UITests.xctest; sourceTree = BUILT_PRODUCTS_DIR; };
		472F28A825A7319600CE1481 /* Skillbox_diploma_step1UITests.swift */ = {isa = PBXFileReference; lastKnownFileType = sourcecode.swift; path = Skillbox_diploma_step1UITests.swift; sourceTree = "<group>"; };
		472F28AA25A7319600CE1481 /* Info.plist */ = {isa = PBXFileReference; lastKnownFileType = text.plist.xml; path = Info.plist; sourceTree = "<group>"; };
		4750EFE625BC2C5C00167A92 /* Screen2Container_TableViewCellHeader.swift */ = {isa = PBXFileReference; lastKnownFileType = sourcecode.swift; path = Screen2Container_TableViewCellHeader.swift; sourceTree = "<group>"; };
		4750EFEB25BC2C7F00167A92 /* Screen2Container_TableViewCellChangeCategory.swift */ = {isa = PBXFileReference; lastKnownFileType = sourcecode.swift; path = Screen2Container_TableViewCellChangeCategory.swift; sourceTree = "<group>"; };
		475D711926509A0F009D917A /* GraphView.swift */ = {isa = PBXFileReference; lastKnownFileType = sourcecode.swift; path = GraphView.swift; sourceTree = "<group>"; };
		47621F9725B644BF0095A52F /* Screen2TableViewCellNote.swift */ = {isa = PBXFileReference; lastKnownFileType = sourcecode.swift; path = Screen2TableViewCellNote.swift; sourceTree = "<group>"; };
		4771587B262AB31E00F27D4B /* ViewControllerScreen1ContainerOperation.swift */ = {isa = PBXFileReference; lastKnownFileType = sourcecode.swift; path = ViewControllerScreen1ContainerOperation.swift; sourceTree = "<group>"; };
		47AC1A9425C09AC9006E7817 /* Persistence.swift */ = {isa = PBXFileReference; lastKnownFileType = sourcecode.swift; name = Persistence.swift; path = Skillbox_diploma_step1/Persistence.swift; sourceTree = SOURCE_ROOT; };
		47AC1AA525C0AE45006E7817 /* Screen1TableViewCellHeader.swift */ = {isa = PBXFileReference; lastKnownFileType = sourcecode.swift; name = Screen1TableViewCellHeader.swift; path = "Skillbox_diploma_step1/Screen 1/Screen1TableViewCellHeader.swift"; sourceTree = SOURCE_ROOT; };
		47AC1AB525C0B7CB006E7817 /* Screen1TableViewCellOperation.swift */ = {isa = PBXFileReference; lastKnownFileType = sourcecode.swift; path = Screen1TableViewCellOperation.swift; sourceTree = "<group>"; };
		47B80F772667CA9500032678 /* Screen1RoundedGraph.swift */ = {isa = PBXFileReference; lastKnownFileType = sourcecode.swift; path = Screen1RoundedGraph.swift; sourceTree = "<group>"; };
		47BEBB42262F91D1006FF254 /* Screen2Container_TableViewCellNewCategory.swift */ = {isa = PBXFileReference; lastKnownFileType = sourcecode.swift; path = Screen2Container_TableViewCellNewCategory.swift; sourceTree = "<group>"; };
		47C4FF3425B38B0F00F97498 /* ViewControllerScreen2.swift */ = {isa = PBXFileReference; lastKnownFileType = sourcecode.swift; path = ViewControllerScreen2.swift; sourceTree = "<group>"; };
		47CB73C225B4364700638185 /* Screen2TableViewCellCategory.swift */ = {isa = PBXFileReference; lastKnownFileType = sourcecode.swift; path = Screen2TableViewCellCategory.swift; sourceTree = "<group>"; };
		47F1759825BA2D320044BD30 /* ViewControllerScreen2Container.swift */ = {isa = PBXFileReference; lastKnownFileType = sourcecode.swift; path = ViewControllerScreen2Container.swift; sourceTree = "<group>"; };
		6B23826AE3CD18208D9D576D /* Pods-Skillbox_diploma_step1.debug.xcconfig */ = {isa = PBXFileReference; includeInIndex = 1; lastKnownFileType = text.xcconfig; name = "Pods-Skillbox_diploma_step1.debug.xcconfig"; path = "Target Support Files/Pods-Skillbox_diploma_step1/Pods-Skillbox_diploma_step1.debug.xcconfig"; sourceTree = "<group>"; };
		6C8AA274A4F485CEDDCAA2B7 /* Pods_Skillbox_diploma_step1.framework */ = {isa = PBXFileReference; explicitFileType = wrapper.framework; includeInIndex = 0; path = Pods_Skillbox_diploma_step1.framework; sourceTree = BUILT_PRODUCTS_DIR; };
		B2458F6369F8F9D59E10FB8D /* Pods-Skillbox_diploma_step1.release.xcconfig */ = {isa = PBXFileReference; includeInIndex = 1; lastKnownFileType = text.xcconfig; name = "Pods-Skillbox_diploma_step1.release.xcconfig"; path = "Target Support Files/Pods-Skillbox_diploma_step1/Pods-Skillbox_diploma_step1.release.xcconfig"; sourceTree = "<group>"; };
/* End PBXFileReference section */

/* Begin PBXFrameworksBuildPhase section */
		472F288025A7319500CE1481 /* Frameworks */ = {
			isa = PBXFrameworksBuildPhase;
			buildActionMask = 2147483647;
			files = (
				7972E4B272D3EB8FAF13901C /* Pods_Skillbox_diploma_step1.framework in Frameworks */,
			);
			runOnlyForDeploymentPostprocessing = 0;
		};
		472F289625A7319600CE1481 /* Frameworks */ = {
			isa = PBXFrameworksBuildPhase;
			buildActionMask = 2147483647;
			files = (
			);
			runOnlyForDeploymentPostprocessing = 0;
		};
		472F28A125A7319600CE1481 /* Frameworks */ = {
			isa = PBXFrameworksBuildPhase;
			buildActionMask = 2147483647;
			files = (
			);
			runOnlyForDeploymentPostprocessing = 0;
		};
/* End PBXFrameworksBuildPhase section */

/* Begin PBXGroup section */
		431C5A095B4677F6625F9287 /* Pods */ = {
			isa = PBXGroup;
			children = (
				6B23826AE3CD18208D9D576D /* Pods-Skillbox_diploma_step1.debug.xcconfig */,
				B2458F6369F8F9D59E10FB8D /* Pods-Skillbox_diploma_step1.release.xcconfig */,
			);
			path = Pods;
			sourceTree = "<group>";
		};
		472F287A25A7319500CE1481 = {
			isa = PBXGroup;
			children = (
				472F288525A7319500CE1481 /* Skillbox_diploma_step1 */,
				472F289C25A7319600CE1481 /* Skillbox_diploma_step1Tests */,
				472F28A725A7319600CE1481 /* Skillbox_diploma_step1UITests */,
				472F288425A7319500CE1481 /* Products */,
				431C5A095B4677F6625F9287 /* Pods */,
				80728F3FAF2D1EF38E7020BA /* Frameworks */,
			);
			sourceTree = "<group>";
		};
		472F288425A7319500CE1481 /* Products */ = {
			isa = PBXGroup;
			children = (
				472F288325A7319500CE1481 /* Skillbox_diploma_step1.app */,
				472F289925A7319600CE1481 /* Skillbox_diploma_step1Tests.xctest */,
				472F28A425A7319600CE1481 /* Skillbox_diploma_step1UITests.xctest */,
			);
			name = Products;
			sourceTree = "<group>";
		};
		472F288525A7319500CE1481 /* Skillbox_diploma_step1 */ = {
			isa = PBXGroup;
			children = (
				472F288625A7319500CE1481 /* AppDelegate.swift */,
				472F288825A7319500CE1481 /* SceneDelegate.swift */,
				47AC1A9425C09AC9006E7817 /* Persistence.swift */,
				47621F8C25B643C20095A52F /* Screen 1 */,
				4771587A262AB2E000F27D4B /* Screen1Container */,
				47621F9025B643D80095A52F /* Screen 2 */,
				4750EFDA25BC24AF00167A92 /* Screen2Container */,
				472F288C25A7319500CE1481 /* Main.storyboard */,
				472F288F25A7319500CE1481 /* Assets.xcassets */,
				472F289125A7319500CE1481 /* LaunchScreen.storyboard */,
				472F289425A7319500CE1481 /* Info.plist */,
			);
			path = Skillbox_diploma_step1;
			sourceTree = "<group>";
		};
		472F289C25A7319600CE1481 /* Skillbox_diploma_step1Tests */ = {
			isa = PBXGroup;
			children = (
				472F289D25A7319600CE1481 /* Skillbox_diploma_step1Tests.swift */,
				472F289F25A7319600CE1481 /* Info.plist */,
			);
			path = Skillbox_diploma_step1Tests;
			sourceTree = "<group>";
		};
		472F28A725A7319600CE1481 /* Skillbox_diploma_step1UITests */ = {
			isa = PBXGroup;
			children = (
				472F28A825A7319600CE1481 /* Skillbox_diploma_step1UITests.swift */,
				472F28AA25A7319600CE1481 /* Info.plist */,
			);
			path = Skillbox_diploma_step1UITests;
			sourceTree = "<group>";
		};
		4750EFDA25BC24AF00167A92 /* Screen2Container */ = {
			isa = PBXGroup;
			children = (
				47F1759825BA2D320044BD30 /* ViewControllerScreen2Container.swift */,
				4750EFE625BC2C5C00167A92 /* Screen2Container_TableViewCellHeader.swift */,
				4750EFEB25BC2C7F00167A92 /* Screen2Container_TableViewCellChangeCategory.swift */,
				47BEBB42262F91D1006FF254 /* Screen2Container_TableViewCellNewCategory.swift */,
			);
			path = Screen2Container;
			sourceTree = "<group>";
		};
		47621F8C25B643C20095A52F /* Screen 1 */ = {
			isa = PBXGroup;
			children = (
				472F288A25A7319500CE1481 /* ViewController.swift */,
				47AC1AA525C0AE45006E7817 /* Screen1TableViewCellHeader.swift */,
				47AC1AB525C0B7CB006E7817 /* Screen1TableViewCellOperation.swift */,
				47B80F772667CA9500032678 /* Screen1RoundedGraph.swift */,
			);
			path = "Screen 1";
			sourceTree = "<group>";
		};
		47621F9025B643D80095A52F /* Screen 2 */ = {
			isa = PBXGroup;
			children = (
				47C4FF3425B38B0F00F97498 /* ViewControllerScreen2.swift */,
				4715819225B6FE310047C5D0 /* Screen2TableViewCellHeader.swift */,
				47CB73C225B4364700638185 /* Screen2TableViewCellCategory.swift */,
				4715214F25F3A8E600FE585C /* Screen2TableViewCellDate.swift */,
				47621F9725B644BF0095A52F /* Screen2TableViewCellNote.swift */,
			);
			path = "Screen 2";
			sourceTree = "<group>";
		};
		4771587A262AB2E000F27D4B /* Screen1Container */ = {
			isa = PBXGroup;
			children = (
				4771587B262AB31E00F27D4B /* ViewControllerScreen1ContainerOperation.swift */,
				4729DC3F263DA3AB00CA8B66 /* ViewControllerScreen1ContainerGraph.swift */,
				475D711926509A0F009D917A /* GraphView.swift */,
			);
			path = Screen1Container;
			sourceTree = "<group>";
		};
		80728F3FAF2D1EF38E7020BA /* Frameworks */ = {
			isa = PBXGroup;
			children = (
				6C8AA274A4F485CEDDCAA2B7 /* Pods_Skillbox_diploma_step1.framework */,
			);
			name = Frameworks;
			sourceTree = "<group>";
		};
/* End PBXGroup section */

/* Begin PBXNativeTarget section */
		472F288225A7319500CE1481 /* Skillbox_diploma_step1 */ = {
			isa = PBXNativeTarget;
			buildConfigurationList = 472F28AD25A7319600CE1481 /* Build configuration list for PBXNativeTarget "Skillbox_diploma_step1" */;
			buildPhases = (
				F0E05A3A4819752A19C13C28 /* [CP] Check Pods Manifest.lock */,
				472F287F25A7319500CE1481 /* Sources */,
				472F288025A7319500CE1481 /* Frameworks */,
				472F288125A7319500CE1481 /* Resources */,
				72BC5BF4A7E12E7029FEA4E1 /* [CP] Embed Pods Frameworks */,
			);
			buildRules = (
			);
			dependencies = (
			);
			name = Skillbox_diploma_step1;
			productName = Skillbox_diploma_step1;
			productReference = 472F288325A7319500CE1481 /* Skillbox_diploma_step1.app */;
			productType = "com.apple.product-type.application";
		};
		472F289825A7319600CE1481 /* Skillbox_diploma_step1Tests */ = {
			isa = PBXNativeTarget;
			buildConfigurationList = 472F28B025A7319600CE1481 /* Build configuration list for PBXNativeTarget "Skillbox_diploma_step1Tests" */;
			buildPhases = (
				472F289525A7319600CE1481 /* Sources */,
				472F289625A7319600CE1481 /* Frameworks */,
				472F289725A7319600CE1481 /* Resources */,
			);
			buildRules = (
			);
			dependencies = (
				472F289B25A7319600CE1481 /* PBXTargetDependency */,
			);
			name = Skillbox_diploma_step1Tests;
			productName = Skillbox_diploma_step1Tests;
			productReference = 472F289925A7319600CE1481 /* Skillbox_diploma_step1Tests.xctest */;
			productType = "com.apple.product-type.bundle.unit-test";
		};
		472F28A325A7319600CE1481 /* Skillbox_diploma_step1UITests */ = {
			isa = PBXNativeTarget;
			buildConfigurationList = 472F28B325A7319600CE1481 /* Build configuration list for PBXNativeTarget "Skillbox_diploma_step1UITests" */;
			buildPhases = (
				472F28A025A7319600CE1481 /* Sources */,
				472F28A125A7319600CE1481 /* Frameworks */,
				472F28A225A7319600CE1481 /* Resources */,
			);
			buildRules = (
			);
			dependencies = (
				472F28A625A7319600CE1481 /* PBXTargetDependency */,
			);
			name = Skillbox_diploma_step1UITests;
			productName = Skillbox_diploma_step1UITests;
			productReference = 472F28A425A7319600CE1481 /* Skillbox_diploma_step1UITests.xctest */;
			productType = "com.apple.product-type.bundle.ui-testing";
		};
/* End PBXNativeTarget section */

/* Begin PBXProject section */
		472F287B25A7319500CE1481 /* Project object */ = {
			isa = PBXProject;
			attributes = {
				LastSwiftUpdateCheck = 1230;
				LastUpgradeCheck = 1230;
				TargetAttributes = {
					472F288225A7319500CE1481 = {
						CreatedOnToolsVersion = 12.3;
					};
					472F289825A7319600CE1481 = {
						CreatedOnToolsVersion = 12.3;
						TestTargetID = 472F288225A7319500CE1481;
					};
					472F28A325A7319600CE1481 = {
						CreatedOnToolsVersion = 12.3;
						TestTargetID = 472F288225A7319500CE1481;
					};
				};
			};
			buildConfigurationList = 472F287E25A7319500CE1481 /* Build configuration list for PBXProject "Skillbox_diploma_step1" */;
			compatibilityVersion = "Xcode 9.3";
			developmentRegion = en;
			hasScannedForEncodings = 0;
			knownRegions = (
				en,
				Base,
			);
			mainGroup = 472F287A25A7319500CE1481;
			productRefGroup = 472F288425A7319500CE1481 /* Products */;
			projectDirPath = "";
			projectRoot = "";
			targets = (
				472F288225A7319500CE1481 /* Skillbox_diploma_step1 */,
				472F289825A7319600CE1481 /* Skillbox_diploma_step1Tests */,
				472F28A325A7319600CE1481 /* Skillbox_diploma_step1UITests */,
			);
		};
/* End PBXProject section */

/* Begin PBXResourcesBuildPhase section */
		472F288125A7319500CE1481 /* Resources */ = {
			isa = PBXResourcesBuildPhase;
			buildActionMask = 2147483647;
			files = (
				472F289325A7319500CE1481 /* LaunchScreen.storyboard in Resources */,
				472F289025A7319500CE1481 /* Assets.xcassets in Resources */,
				472F288E25A7319500CE1481 /* Main.storyboard in Resources */,
			);
			runOnlyForDeploymentPostprocessing = 0;
		};
		472F289725A7319600CE1481 /* Resources */ = {
			isa = PBXResourcesBuildPhase;
			buildActionMask = 2147483647;
			files = (
			);
			runOnlyForDeploymentPostprocessing = 0;
		};
		472F28A225A7319600CE1481 /* Resources */ = {
			isa = PBXResourcesBuildPhase;
			buildActionMask = 2147483647;
			files = (
			);
			runOnlyForDeploymentPostprocessing = 0;
		};
/* End PBXResourcesBuildPhase section */

/* Begin PBXShellScriptBuildPhase section */
		72BC5BF4A7E12E7029FEA4E1 /* [CP] Embed Pods Frameworks */ = {
			isa = PBXShellScriptBuildPhase;
			buildActionMask = 2147483647;
			files = (
			);
			inputFileListPaths = (
				"${PODS_ROOT}/Target Support Files/Pods-Skillbox_diploma_step1/Pods-Skillbox_diploma_step1-frameworks-${CONFIGURATION}-input-files.xcfilelist",
			);
			name = "[CP] Embed Pods Frameworks";
			outputFileListPaths = (
				"${PODS_ROOT}/Target Support Files/Pods-Skillbox_diploma_step1/Pods-Skillbox_diploma_step1-frameworks-${CONFIGURATION}-output-files.xcfilelist",
			);
			runOnlyForDeploymentPostprocessing = 0;
			shellPath = /bin/sh;
			shellScript = "\"${PODS_ROOT}/Target Support Files/Pods-Skillbox_diploma_step1/Pods-Skillbox_diploma_step1-frameworks.sh\"\n";
			showEnvVarsInLog = 0;
		};
		F0E05A3A4819752A19C13C28 /* [CP] Check Pods Manifest.lock */ = {
			isa = PBXShellScriptBuildPhase;
			buildActionMask = 2147483647;
			files = (
			);
			inputFileListPaths = (
			);
			inputPaths = (
				"${PODS_PODFILE_DIR_PATH}/Podfile.lock",
				"${PODS_ROOT}/Manifest.lock",
			);
			name = "[CP] Check Pods Manifest.lock";
			outputFileListPaths = (
			);
			outputPaths = (
				"$(DERIVED_FILE_DIR)/Pods-Skillbox_diploma_step1-checkManifestLockResult.txt",
			);
			runOnlyForDeploymentPostprocessing = 0;
			shellPath = /bin/sh;
			shellScript = "diff \"${PODS_PODFILE_DIR_PATH}/Podfile.lock\" \"${PODS_ROOT}/Manifest.lock\" > /dev/null\nif [ $? != 0 ] ; then\n    # print error to STDERR\n    echo \"error: The sandbox is not in sync with the Podfile.lock. Run 'pod install' or update your CocoaPods installation.\" >&2\n    exit 1\nfi\n# This output is used by Xcode 'outputs' to avoid re-running this script phase.\necho \"SUCCESS\" > \"${SCRIPT_OUTPUT_FILE_0}\"\n";
			showEnvVarsInLog = 0;
		};
/* End PBXShellScriptBuildPhase section */

/* Begin PBXSourcesBuildPhase section */
		472F287F25A7319500CE1481 /* Sources */ = {
			isa = PBXSourcesBuildPhase;
			buildActionMask = 2147483647;
			files = (
				4715215025F3A8E600FE585C /* Screen2TableViewCellDate.swift in Sources */,
				47AC1AB625C0B7CB006E7817 /* Screen1TableViewCellOperation.swift in Sources */,
				47AC1A9525C09AC9006E7817 /* Persistence.swift in Sources */,
				4750EFEC25BC2C7F00167A92 /* Screen2Container_TableViewCellChangeCategory.swift in Sources */,
				4715819325B6FE310047C5D0 /* Screen2TableViewCellHeader.swift in Sources */,
				472F288B25A7319500CE1481 /* ViewController.swift in Sources */,
				47AC1AA625C0AE45006E7817 /* Screen1TableViewCellHeader.swift in Sources */,
				472F288725A7319500CE1481 /* AppDelegate.swift in Sources */,
				4729DC40263DA3AB00CA8B66 /* ViewControllerScreen1ContainerGraph.swift in Sources */,
				4771587C262AB31E00F27D4B /* ViewControllerScreen1ContainerOperation.swift in Sources */,
				47BEBB43262F91D1006FF254 /* Screen2Container_TableViewCellNewCategory.swift in Sources */,
				47B80F782667CA9500032678 /* Screen1RoundedGraph.swift in Sources */,
				475D711A26509A0F009D917A /* GraphView.swift in Sources */,
				47F1759925BA2D320044BD30 /* ViewControllerScreen2Container.swift in Sources */,
				47CB73C325B4364700638185 /* Screen2TableViewCellCategory.swift in Sources */,
				47621F9825B644BF0095A52F /* Screen2TableViewCellNote.swift in Sources */,
				4750EFE725BC2C5C00167A92 /* Screen2Container_TableViewCellHeader.swift in Sources */,
				472F288925A7319500CE1481 /* SceneDelegate.swift in Sources */,
				47C4FF3525B38B0F00F97498 /* ViewControllerScreen2.swift in Sources */,
			);
			runOnlyForDeploymentPostprocessing = 0;
		};
		472F289525A7319600CE1481 /* Sources */ = {
			isa = PBXSourcesBuildPhase;
			buildActionMask = 2147483647;
			files = (
				472F289E25A7319600CE1481 /* Skillbox_diploma_step1Tests.swift in Sources */,
			);
			runOnlyForDeploymentPostprocessing = 0;
		};
		472F28A025A7319600CE1481 /* Sources */ = {
			isa = PBXSourcesBuildPhase;
			buildActionMask = 2147483647;
			files = (
				472F28A925A7319600CE1481 /* Skillbox_diploma_step1UITests.swift in Sources */,
			);
			runOnlyForDeploymentPostprocessing = 0;
		};
/* End PBXSourcesBuildPhase section */

/* Begin PBXTargetDependency section */
		472F289B25A7319600CE1481 /* PBXTargetDependency */ = {
			isa = PBXTargetDependency;
			target = 472F288225A7319500CE1481 /* Skillbox_diploma_step1 */;
			targetProxy = 472F289A25A7319600CE1481 /* PBXContainerItemProxy */;
		};
		472F28A625A7319600CE1481 /* PBXTargetDependency */ = {
			isa = PBXTargetDependency;
			target = 472F288225A7319500CE1481 /* Skillbox_diploma_step1 */;
			targetProxy = 472F28A525A7319600CE1481 /* PBXContainerItemProxy */;
		};
/* End PBXTargetDependency section */

/* Begin PBXVariantGroup section */
		472F288C25A7319500CE1481 /* Main.storyboard */ = {
			isa = PBXVariantGroup;
			children = (
				472F288D25A7319500CE1481 /* Base */,
			);
			name = Main.storyboard;
			sourceTree = "<group>";
		};
		472F289125A7319500CE1481 /* LaunchScreen.storyboard */ = {
			isa = PBXVariantGroup;
			children = (
				472F289225A7319500CE1481 /* Base */,
			);
			name = LaunchScreen.storyboard;
			sourceTree = "<group>";
		};
/* End PBXVariantGroup section */

/* Begin XCBuildConfiguration section */
		472F28AB25A7319600CE1481 /* Debug */ = {
			isa = XCBuildConfiguration;
			buildSettings = {
				ALWAYS_SEARCH_USER_PATHS = NO;
				CLANG_ANALYZER_NONNULL = YES;
				CLANG_ANALYZER_NUMBER_OBJECT_CONVERSION = YES_AGGRESSIVE;
				CLANG_CXX_LANGUAGE_STANDARD = "gnu++14";
				CLANG_CXX_LIBRARY = "libc++";
				CLANG_ENABLE_MODULES = YES;
				CLANG_ENABLE_OBJC_ARC = YES;
				CLANG_ENABLE_OBJC_WEAK = YES;
				CLANG_WARN_BLOCK_CAPTURE_AUTORELEASING = YES;
				CLANG_WARN_BOOL_CONVERSION = YES;
				CLANG_WARN_COMMA = YES;
				CLANG_WARN_CONSTANT_CONVERSION = YES;
				CLANG_WARN_DEPRECATED_OBJC_IMPLEMENTATIONS = YES;
				CLANG_WARN_DIRECT_OBJC_ISA_USAGE = YES_ERROR;
				CLANG_WARN_DOCUMENTATION_COMMENTS = YES;
				CLANG_WARN_EMPTY_BODY = YES;
				CLANG_WARN_ENUM_CONVERSION = YES;
				CLANG_WARN_INFINITE_RECURSION = YES;
				CLANG_WARN_INT_CONVERSION = YES;
				CLANG_WARN_NON_LITERAL_NULL_CONVERSION = YES;
				CLANG_WARN_OBJC_IMPLICIT_RETAIN_SELF = YES;
				CLANG_WARN_OBJC_LITERAL_CONVERSION = YES;
				CLANG_WARN_OBJC_ROOT_CLASS = YES_ERROR;
				CLANG_WARN_QUOTED_INCLUDE_IN_FRAMEWORK_HEADER = YES;
				CLANG_WARN_RANGE_LOOP_ANALYSIS = YES;
				CLANG_WARN_STRICT_PROTOTYPES = YES;
				CLANG_WARN_SUSPICIOUS_MOVE = YES;
				CLANG_WARN_UNGUARDED_AVAILABILITY = YES_AGGRESSIVE;
				CLANG_WARN_UNREACHABLE_CODE = YES;
				CLANG_WARN__DUPLICATE_METHOD_MATCH = YES;
				COPY_PHASE_STRIP = NO;
				DEBUG_INFORMATION_FORMAT = dwarf;
				ENABLE_STRICT_OBJC_MSGSEND = YES;
				ENABLE_TESTABILITY = YES;
				GCC_C_LANGUAGE_STANDARD = gnu11;
				GCC_DYNAMIC_NO_PIC = NO;
				GCC_NO_COMMON_BLOCKS = YES;
				GCC_OPTIMIZATION_LEVEL = 0;
				GCC_PREPROCESSOR_DEFINITIONS = (
					"DEBUG=1",
					"$(inherited)",
				);
				GCC_WARN_64_TO_32_BIT_CONVERSION = YES;
				GCC_WARN_ABOUT_RETURN_TYPE = YES_ERROR;
				GCC_WARN_UNDECLARED_SELECTOR = YES;
				GCC_WARN_UNINITIALIZED_AUTOS = YES_AGGRESSIVE;
				GCC_WARN_UNUSED_FUNCTION = YES;
				GCC_WARN_UNUSED_VARIABLE = YES;
				IPHONEOS_DEPLOYMENT_TARGET = 14.3;
				MTL_ENABLE_DEBUG_INFO = INCLUDE_SOURCE;
				MTL_FAST_MATH = YES;
				ONLY_ACTIVE_ARCH = YES;
				SDKROOT = iphoneos;
				SWIFT_ACTIVE_COMPILATION_CONDITIONS = DEBUG;
				SWIFT_OPTIMIZATION_LEVEL = "-Onone";
			};
			name = Debug;
		};
		472F28AC25A7319600CE1481 /* Release */ = {
			isa = XCBuildConfiguration;
			buildSettings = {
				ALWAYS_SEARCH_USER_PATHS = NO;
				CLANG_ANALYZER_NONNULL = YES;
				CLANG_ANALYZER_NUMBER_OBJECT_CONVERSION = YES_AGGRESSIVE;
				CLANG_CXX_LANGUAGE_STANDARD = "gnu++14";
				CLANG_CXX_LIBRARY = "libc++";
				CLANG_ENABLE_MODULES = YES;
				CLANG_ENABLE_OBJC_ARC = YES;
				CLANG_ENABLE_OBJC_WEAK = YES;
				CLANG_WARN_BLOCK_CAPTURE_AUTORELEASING = YES;
				CLANG_WARN_BOOL_CONVERSION = YES;
				CLANG_WARN_COMMA = YES;
				CLANG_WARN_CONSTANT_CONVERSION = YES;
				CLANG_WARN_DEPRECATED_OBJC_IMPLEMENTATIONS = YES;
				CLANG_WARN_DIRECT_OBJC_ISA_USAGE = YES_ERROR;
				CLANG_WARN_DOCUMENTATION_COMMENTS = YES;
				CLANG_WARN_EMPTY_BODY = YES;
				CLANG_WARN_ENUM_CONVERSION = YES;
				CLANG_WARN_INFINITE_RECURSION = YES;
				CLANG_WARN_INT_CONVERSION = YES;
				CLANG_WARN_NON_LITERAL_NULL_CONVERSION = YES;
				CLANG_WARN_OBJC_IMPLICIT_RETAIN_SELF = YES;
				CLANG_WARN_OBJC_LITERAL_CONVERSION = YES;
				CLANG_WARN_OBJC_ROOT_CLASS = YES_ERROR;
				CLANG_WARN_QUOTED_INCLUDE_IN_FRAMEWORK_HEADER = YES;
				CLANG_WARN_RANGE_LOOP_ANALYSIS = YES;
				CLANG_WARN_STRICT_PROTOTYPES = YES;
				CLANG_WARN_SUSPICIOUS_MOVE = YES;
				CLANG_WARN_UNGUARDED_AVAILABILITY = YES_AGGRESSIVE;
				CLANG_WARN_UNREACHABLE_CODE = YES;
				CLANG_WARN__DUPLICATE_METHOD_MATCH = YES;
				COPY_PHASE_STRIP = NO;
				DEBUG_INFORMATION_FORMAT = "dwarf-with-dsym";
				ENABLE_NS_ASSERTIONS = NO;
				ENABLE_STRICT_OBJC_MSGSEND = YES;
				GCC_C_LANGUAGE_STANDARD = gnu11;
				GCC_NO_COMMON_BLOCKS = YES;
				GCC_WARN_64_TO_32_BIT_CONVERSION = YES;
				GCC_WARN_ABOUT_RETURN_TYPE = YES_ERROR;
				GCC_WARN_UNDECLARED_SELECTOR = YES;
				GCC_WARN_UNINITIALIZED_AUTOS = YES_AGGRESSIVE;
				GCC_WARN_UNUSED_FUNCTION = YES;
				GCC_WARN_UNUSED_VARIABLE = YES;
				IPHONEOS_DEPLOYMENT_TARGET = 14.3;
				MTL_ENABLE_DEBUG_INFO = NO;
				MTL_FAST_MATH = YES;
				SDKROOT = iphoneos;
				SWIFT_COMPILATION_MODE = wholemodule;
				SWIFT_OPTIMIZATION_LEVEL = "-O";
				VALIDATE_PRODUCT = YES;
			};
			name = Release;
		};
		472F28AE25A7319600CE1481 /* Debug */ = {
			isa = XCBuildConfiguration;
			baseConfigurationReference = 6B23826AE3CD18208D9D576D /* Pods-Skillbox_diploma_step1.debug.xcconfig */;
			buildSettings = {
				ASSETCATALOG_COMPILER_APPICON_NAME = AppIcon;
				ASSETCATALOG_COMPILER_GLOBAL_ACCENT_COLOR_NAME = AccentColor;
				CODE_SIGN_STYLE = Automatic;
				DEVELOPMENT_TEAM = 6VWFU6AND8;
				INFOPLIST_FILE = Skillbox_diploma_step1/Info.plist;
				LD_RUNPATH_SEARCH_PATHS = (
					"$(inherited)",
					"@executable_path/Frameworks",
				);
				PRODUCT_BUNDLE_IDENTIFIER = "roman.sundurov.work.Skillbox-diploma-step1";
				PRODUCT_NAME = "$(TARGET_NAME)";
				SWIFT_VERSION = 5.0;
				TARGETED_DEVICE_FAMILY = "1,2";
			};
			name = Debug;
		};
		472F28AF25A7319600CE1481 /* Release */ = {
			isa = XCBuildConfiguration;
			baseConfigurationReference = B2458F6369F8F9D59E10FB8D /* Pods-Skillbox_diploma_step1.release.xcconfig */;
			buildSettings = {
				ASSETCATALOG_COMPILER_APPICON_NAME = AppIcon;
				ASSETCATALOG_COMPILER_GLOBAL_ACCENT_COLOR_NAME = AccentColor;
				CODE_SIGN_STYLE = Automatic;
				DEVELOPMENT_TEAM = 6VWFU6AND8;
				INFOPLIST_FILE = Skillbox_diploma_step1/Info.plist;
				LD_RUNPATH_SEARCH_PATHS = (
					"$(inherited)",
					"@executable_path/Frameworks",
				);
				PRODUCT_BUNDLE_IDENTIFIER = "roman.sundurov.work.Skillbox-diploma-step1";
				PRODUCT_NAME = "$(TARGET_NAME)";
				SWIFT_VERSION = 5.0;
				TARGETED_DEVICE_FAMILY = "1,2";
			};
			name = Release;
		};
		472F28B125A7319600CE1481 /* Debug */ = {
			isa = XCBuildConfiguration;
			buildSettings = {
				ALWAYS_EMBED_SWIFT_STANDARD_LIBRARIES = YES;
				BUNDLE_LOADER = "$(TEST_HOST)";
				CODE_SIGN_STYLE = Automatic;
				DEVELOPMENT_TEAM = 6VWFU6AND8;
				INFOPLIST_FILE = Skillbox_diploma_step1Tests/Info.plist;
				IPHONEOS_DEPLOYMENT_TARGET = 14.3;
				LD_RUNPATH_SEARCH_PATHS = (
					"$(inherited)",
					"@executable_path/Frameworks",
					"@loader_path/Frameworks",
				);
				PRODUCT_BUNDLE_IDENTIFIER = "roman.sundurov.work.Skillbox-diploma-step1Tests";
				PRODUCT_NAME = "$(TARGET_NAME)";
				SWIFT_VERSION = 5.0;
				TARGETED_DEVICE_FAMILY = "1,2";
				TEST_HOST = "$(BUILT_PRODUCTS_DIR)/Skillbox_diploma_step1.app/Skillbox_diploma_step1";
			};
			name = Debug;
		};
		472F28B225A7319600CE1481 /* Release */ = {
			isa = XCBuildConfiguration;
			buildSettings = {
				ALWAYS_EMBED_SWIFT_STANDARD_LIBRARIES = YES;
				BUNDLE_LOADER = "$(TEST_HOST)";
				CODE_SIGN_STYLE = Automatic;
				DEVELOPMENT_TEAM = 6VWFU6AND8;
				INFOPLIST_FILE = Skillbox_diploma_step1Tests/Info.plist;
				IPHONEOS_DEPLOYMENT_TARGET = 14.3;
				LD_RUNPATH_SEARCH_PATHS = (
					"$(inherited)",
					"@executable_path/Frameworks",
					"@loader_path/Frameworks",
				);
				PRODUCT_BUNDLE_IDENTIFIER = "roman.sundurov.work.Skillbox-diploma-step1Tests";
				PRODUCT_NAME = "$(TARGET_NAME)";
				SWIFT_VERSION = 5.0;
				TARGETED_DEVICE_FAMILY = "1,2";
				TEST_HOST = "$(BUILT_PRODUCTS_DIR)/Skillbox_diploma_step1.app/Skillbox_diploma_step1";
			};
			name = Release;
		};
		472F28B425A7319600CE1481 /* Debug */ = {
			isa = XCBuildConfiguration;
			buildSettings = {
				ALWAYS_EMBED_SWIFT_STANDARD_LIBRARIES = YES;
				CODE_SIGN_STYLE = Automatic;
				DEVELOPMENT_TEAM = 6VWFU6AND8;
				INFOPLIST_FILE = Skillbox_diploma_step1UITests/Info.plist;
				LD_RUNPATH_SEARCH_PATHS = (
					"$(inherited)",
					"@executable_path/Frameworks",
					"@loader_path/Frameworks",
				);
				PRODUCT_BUNDLE_IDENTIFIER = "roman.sundurov.work.Skillbox-diploma-step1UITests";
				PRODUCT_NAME = "$(TARGET_NAME)";
				SWIFT_VERSION = 5.0;
				TARGETED_DEVICE_FAMILY = "1,2";
				TEST_TARGET_NAME = Skillbox_diploma_step1;
			};
			name = Debug;
		};
		472F28B525A7319600CE1481 /* Release */ = {
			isa = XCBuildConfiguration;
			buildSettings = {
				ALWAYS_EMBED_SWIFT_STANDARD_LIBRARIES = YES;
				CODE_SIGN_STYLE = Automatic;
				DEVELOPMENT_TEAM = 6VWFU6AND8;
				INFOPLIST_FILE = Skillbox_diploma_step1UITests/Info.plist;
				LD_RUNPATH_SEARCH_PATHS = (
					"$(inherited)",
					"@executable_path/Frameworks",
					"@loader_path/Frameworks",
				);
				PRODUCT_BUNDLE_IDENTIFIER = "roman.sundurov.work.Skillbox-diploma-step1UITests";
				PRODUCT_NAME = "$(TARGET_NAME)";
				SWIFT_VERSION = 5.0;
				TARGETED_DEVICE_FAMILY = "1,2";
				TEST_TARGET_NAME = Skillbox_diploma_step1;
			};
			name = Release;
		};
/* End XCBuildConfiguration section */

/* Begin XCConfigurationList section */
		472F287E25A7319500CE1481 /* Build configuration list for PBXProject "Skillbox_diploma_step1" */ = {
			isa = XCConfigurationList;
			buildConfigurations = (
				472F28AB25A7319600CE1481 /* Debug */,
				472F28AC25A7319600CE1481 /* Release */,
			);
			defaultConfigurationIsVisible = 0;
			defaultConfigurationName = Release;
		};
		472F28AD25A7319600CE1481 /* Build configuration list for PBXNativeTarget "Skillbox_diploma_step1" */ = {
			isa = XCConfigurationList;
			buildConfigurations = (
				472F28AE25A7319600CE1481 /* Debug */,
				472F28AF25A7319600CE1481 /* Release */,
			);
			defaultConfigurationIsVisible = 0;
			defaultConfigurationName = Release;
		};
		472F28B025A7319600CE1481 /* Build configuration list for PBXNativeTarget "Skillbox_diploma_step1Tests" */ = {
			isa = XCConfigurationList;
			buildConfigurations = (
				472F28B125A7319600CE1481 /* Debug */,
				472F28B225A7319600CE1481 /* Release */,
			);
			defaultConfigurationIsVisible = 0;
			defaultConfigurationName = Release;
		};
		472F28B325A7319600CE1481 /* Build configuration list for PBXNativeTarget "Skillbox_diploma_step1UITests" */ = {
			isa = XCConfigurationList;
			buildConfigurations = (
				472F28B425A7319600CE1481 /* Debug */,
				472F28B525A7319600CE1481 /* Release */,
			);
			defaultConfigurationIsVisible = 0;
			defaultConfigurationName = Release;
		};
/* End XCConfigurationList section */
	};
	rootObject = 472F287B25A7319500CE1481 /* Project object */;
}
